// !$*UTF8*$!
{
	archiveVersion = 1;
	classes = {
	};
	objectVersion = 48;
	objects = {

/* Begin PBXBuildFile section */
		6966A17F20006440008176BA /* AppDelegate.m in Sources */ = {isa = PBXBuildFile; fileRef = 6966A17E20006440008176BA /* AppDelegate.m */; };
		6966A18220006440008176BA /* ViewController.m in Sources */ = {isa = PBXBuildFile; fileRef = 6966A18120006440008176BA /* ViewController.m */; };
		6966A18720006440008176BA /* Assets.xcassets in Resources */ = {isa = PBXBuildFile; fileRef = 6966A18620006440008176BA /* Assets.xcassets */; };
		6966A18A20006440008176BA /* LaunchScreen.storyboard in Resources */ = {isa = PBXBuildFile; fileRef = 6966A18820006440008176BA /* LaunchScreen.storyboard */; };
		6966A18D20006440008176BA /* main.m in Sources */ = {isa = PBXBuildFile; fileRef = 6966A18C20006440008176BA /* main.m */; };
		6966A19720006440008176BA /* JustPrintLabTests.m in Sources */ = {isa = PBXBuildFile; fileRef = 6966A19620006440008176BA /* JustPrintLabTests.m */; };
		6966A1A220006440008176BA /* JustPrintLabUITests.m in Sources */ = {isa = PBXBuildFile; fileRef = 6966A1A120006440008176BA /* JustPrintLabUITests.m */; };
		6966A1BE20006EAD008176BA /* CWInteractiveTransition.m in Sources */ = {isa = PBXBuildFile; fileRef = 6966A1B420006EAD008176BA /* CWInteractiveTransition.m */; };
		6966A1BF20006EAD008176BA /* UIViewController+CWLateralSlide.m in Sources */ = {isa = PBXBuildFile; fileRef = 6966A1B720006EAD008176BA /* UIViewController+CWLateralSlide.m */; };
		6966A1C020006EAD008176BA /* CWLateralSlideAnimator.m in Sources */ = {isa = PBXBuildFile; fileRef = 6966A1BA20006EAD008176BA /* CWLateralSlideAnimator.m */; };
		6966A1C120006EAD008176BA /* CWDrawerTransition.m in Sources */ = {isa = PBXBuildFile; fileRef = 6966A1BB20006EAD008176BA /* CWDrawerTransition.m */; };
		6966A1C220006EAD008176BA /* CWLateralSlideConfiguration.m in Sources */ = {isa = PBXBuildFile; fileRef = 6966A1BD20006EAD008176BA /* CWLateralSlideConfiguration.m */; };
		6966A1C82000871C008176BA /* LeftViewController.m in Sources */ = {isa = PBXBuildFile; fileRef = 6966A1C72000871C008176BA /* LeftViewController.m */; };
		6966A1CD20008A7E008176BA /* PushViewController.m in Sources */ = {isa = PBXBuildFile; fileRef = 6966A1CC20008A7E008176BA /* PushViewController.m */; };
		6966A1D02001AEC2008176BA /* LoginViewController.m in Sources */ = {isa = PBXBuildFile; fileRef = 6966A1CF2001AEC2008176BA /* LoginViewController.m */; };
		69E625D62011B27900A23880 /* HomeTableViewController.m in Sources */ = {isa = PBXBuildFile; fileRef = 69E625D42011B27900A23880 /* HomeTableViewController.m */; };
		69E625DB2011B2B400A23880 /* WBTabbar.m in Sources */ = {isa = PBXBuildFile; fileRef = 69E625D92011B2B400A23880 /* WBTabbar.m */; };
		69E625DC2011B2B400A23880 /* CustomButton.m in Sources */ = {isa = PBXBuildFile; fileRef = 69E625DA2011B2B400A23880 /* CustomButton.m */; };
		69E625DF2011B75300A23880 /* MapViewController.m in Sources */ = {isa = PBXBuildFile; fileRef = 69E625DE2011B75300A23880 /* MapViewController.m */; };
		69E625E22011B76A00A23880 /* WalletViewController.m in Sources */ = {isa = PBXBuildFile; fileRef = 69E625E12011B76A00A23880 /* WalletViewController.m */; };
		69E625E52011B77F00A23880 /* MeViewController.m in Sources */ = {isa = PBXBuildFile; fileRef = 69E625E42011B77F00A23880 /* MeViewController.m */; };
		C530EB2E8077F592168A2829 /* libPods-JustPrintLab.a in Frameworks */ = {isa = PBXBuildFile; fileRef = 0221512E296E3850139E1147 /* libPods-JustPrintLab.a */; };
/* End PBXBuildFile section */

/* Begin PBXContainerItemProxy section */
		6966A19320006440008176BA /* PBXContainerItemProxy */ = {
			isa = PBXContainerItemProxy;
			containerPortal = 6966A17220006440008176BA /* Project object */;
			proxyType = 1;
			remoteGlobalIDString = 6966A17920006440008176BA;
			remoteInfo = JustPrintLab;
		};
		6966A19E20006440008176BA /* PBXContainerItemProxy */ = {
			isa = PBXContainerItemProxy;
			containerPortal = 6966A17220006440008176BA /* Project object */;
			proxyType = 1;
			remoteGlobalIDString = 6966A17920006440008176BA;
			remoteInfo = JustPrintLab;
		};
/* End PBXContainerItemProxy section */

/* Begin PBXFileReference section */
		0221512E296E3850139E1147 /* libPods-JustPrintLab.a */ = {isa = PBXFileReference; explicitFileType = archive.ar; includeInIndex = 0; path = "libPods-JustPrintLab.a"; sourceTree = BUILT_PRODUCTS_DIR; };
		2A8ED010C8FF066056659580 /* Pods-JustPrintLab.debug.xcconfig */ = {isa = PBXFileReference; includeInIndex = 1; lastKnownFileType = text.xcconfig; name = "Pods-JustPrintLab.debug.xcconfig"; path = "Pods/Target Support Files/Pods-JustPrintLab/Pods-JustPrintLab.debug.xcconfig"; sourceTree = "<group>"; };
		6966A17A20006440008176BA /* JustPrintLab.app */ = {isa = PBXFileReference; explicitFileType = wrapper.application; includeInIndex = 0; path = JustPrintLab.app; sourceTree = BUILT_PRODUCTS_DIR; };
		6966A17D20006440008176BA /* AppDelegate.h */ = {isa = PBXFileReference; lastKnownFileType = sourcecode.c.h; path = AppDelegate.h; sourceTree = "<group>"; };
		6966A17E20006440008176BA /* AppDelegate.m */ = {isa = PBXFileReference; lastKnownFileType = sourcecode.c.objc; path = AppDelegate.m; sourceTree = "<group>"; };
		6966A18020006440008176BA /* ViewController.h */ = {isa = PBXFileReference; lastKnownFileType = sourcecode.c.h; path = ViewController.h; sourceTree = "<group>"; };
		6966A18120006440008176BA /* ViewController.m */ = {isa = PBXFileReference; lastKnownFileType = sourcecode.c.objc; path = ViewController.m; sourceTree = "<group>"; };
		6966A18620006440008176BA /* Assets.xcassets */ = {isa = PBXFileReference; lastKnownFileType = folder.assetcatalog; path = Assets.xcassets; sourceTree = "<group>"; };
		6966A18920006440008176BA /* Base */ = {isa = PBXFileReference; lastKnownFileType = file.storyboard; name = Base; path = Base.lproj/LaunchScreen.storyboard; sourceTree = "<group>"; };
		6966A18B20006440008176BA /* Info.plist */ = {isa = PBXFileReference; lastKnownFileType = text.plist.xml; path = Info.plist; sourceTree = "<group>"; };
		6966A18C20006440008176BA /* main.m */ = {isa = PBXFileReference; lastKnownFileType = sourcecode.c.objc; path = main.m; sourceTree = "<group>"; };
		6966A19220006440008176BA /* JustPrintLabTests.xctest */ = {isa = PBXFileReference; explicitFileType = wrapper.cfbundle; includeInIndex = 0; path = JustPrintLabTests.xctest; sourceTree = BUILT_PRODUCTS_DIR; };
		6966A19620006440008176BA /* JustPrintLabTests.m */ = {isa = PBXFileReference; lastKnownFileType = sourcecode.c.objc; path = JustPrintLabTests.m; sourceTree = "<group>"; };
		6966A19820006440008176BA /* Info.plist */ = {isa = PBXFileReference; lastKnownFileType = text.plist.xml; path = Info.plist; sourceTree = "<group>"; };
		6966A19D20006440008176BA /* JustPrintLabUITests.xctest */ = {isa = PBXFileReference; explicitFileType = wrapper.cfbundle; includeInIndex = 0; path = JustPrintLabUITests.xctest; sourceTree = BUILT_PRODUCTS_DIR; };
		6966A1A120006440008176BA /* JustPrintLabUITests.m */ = {isa = PBXFileReference; lastKnownFileType = sourcecode.c.objc; path = JustPrintLabUITests.m; sourceTree = "<group>"; };
		6966A1A320006440008176BA /* Info.plist */ = {isa = PBXFileReference; lastKnownFileType = text.plist.xml; path = Info.plist; sourceTree = "<group>"; };
		6966A1B420006EAD008176BA /* CWInteractiveTransition.m */ = {isa = PBXFileReference; fileEncoding = 4; lastKnownFileType = sourcecode.c.objc; path = CWInteractiveTransition.m; sourceTree = "<group>"; };
		6966A1B520006EAD008176BA /* CWDrawerTransition.h */ = {isa = PBXFileReference; fileEncoding = 4; lastKnownFileType = sourcecode.c.h; path = CWDrawerTransition.h; sourceTree = "<group>"; };
		6966A1B620006EAD008176BA /* CWLateralSlideAnimator.h */ = {isa = PBXFileReference; fileEncoding = 4; lastKnownFileType = sourcecode.c.h; path = CWLateralSlideAnimator.h; sourceTree = "<group>"; };
		6966A1B720006EAD008176BA /* UIViewController+CWLateralSlide.m */ = {isa = PBXFileReference; fileEncoding = 4; lastKnownFileType = sourcecode.c.objc; path = "UIViewController+CWLateralSlide.m"; sourceTree = "<group>"; };
		6966A1B820006EAD008176BA /* CWLateralSlideConfiguration.h */ = {isa = PBXFileReference; fileEncoding = 4; lastKnownFileType = sourcecode.c.h; path = CWLateralSlideConfiguration.h; sourceTree = "<group>"; };
		6966A1B920006EAD008176BA /* CWInteractiveTransition.h */ = {isa = PBXFileReference; fileEncoding = 4; lastKnownFileType = sourcecode.c.h; path = CWInteractiveTransition.h; sourceTree = "<group>"; };
		6966A1BA20006EAD008176BA /* CWLateralSlideAnimator.m */ = {isa = PBXFileReference; fileEncoding = 4; lastKnownFileType = sourcecode.c.objc; path = CWLateralSlideAnimator.m; sourceTree = "<group>"; };
		6966A1BB20006EAD008176BA /* CWDrawerTransition.m */ = {isa = PBXFileReference; fileEncoding = 4; lastKnownFileType = sourcecode.c.objc; path = CWDrawerTransition.m; sourceTree = "<group>"; };
		6966A1BC20006EAD008176BA /* UIViewController+CWLateralSlide.h */ = {isa = PBXFileReference; fileEncoding = 4; lastKnownFileType = sourcecode.c.h; path = "UIViewController+CWLateralSlide.h"; sourceTree = "<group>"; };
		6966A1BD20006EAD008176BA /* CWLateralSlideConfiguration.m */ = {isa = PBXFileReference; fileEncoding = 4; lastKnownFileType = sourcecode.c.objc; path = CWLateralSlideConfiguration.m; sourceTree = "<group>"; };
		6966A1C62000871C008176BA /* LeftViewController.h */ = {isa = PBXFileReference; fileEncoding = 4; lastKnownFileType = sourcecode.c.h; path = LeftViewController.h; sourceTree = "<group>"; };
		6966A1C72000871C008176BA /* LeftViewController.m */ = {isa = PBXFileReference; fileEncoding = 4; lastKnownFileType = sourcecode.c.objc; path = LeftViewController.m; sourceTree = "<group>"; };
		6966A1CB20008A7E008176BA /* PushViewController.h */ = {isa = PBXFileReference; lastKnownFileType = sourcecode.c.h; path = PushViewController.h; sourceTree = "<group>"; };
		6966A1CC20008A7E008176BA /* PushViewController.m */ = {isa = PBXFileReference; lastKnownFileType = sourcecode.c.objc; path = PushViewController.m; sourceTree = "<group>"; };
		6966A1CE2001AEC2008176BA /* LoginViewController.h */ = {isa = PBXFileReference; lastKnownFileType = sourcecode.c.h; path = LoginViewController.h; sourceTree = "<group>"; };
		6966A1CF2001AEC2008176BA /* LoginViewController.m */ = {isa = PBXFileReference; lastKnownFileType = sourcecode.c.objc; path = LoginViewController.m; sourceTree = "<group>"; };
		69E625C4200C6F2F00A23880 /* JustPrintLab.pch */ = {isa = PBXFileReference; lastKnownFileType = sourcecode.c.h; path = JustPrintLab.pch; sourceTree = "<group>"; };
		69E625D42011B27900A23880 /* HomeTableViewController.m */ = {isa = PBXFileReference; fileEncoding = 4; lastKnownFileType = sourcecode.c.objc; path = HomeTableViewController.m; sourceTree = "<group>"; };
		69E625D52011B27900A23880 /* HomeTableViewController.h */ = {isa = PBXFileReference; fileEncoding = 4; lastKnownFileType = sourcecode.c.h; path = HomeTableViewController.h; sourceTree = "<group>"; };
		69E625D72011B2B400A23880 /* CustomButton.h */ = {isa = PBXFileReference; fileEncoding = 4; lastKnownFileType = sourcecode.c.h; path = CustomButton.h; sourceTree = "<group>"; };
		69E625D82011B2B400A23880 /* WBTabbar.h */ = {isa = PBXFileReference; fileEncoding = 4; lastKnownFileType = sourcecode.c.h; path = WBTabbar.h; sourceTree = "<group>"; };
		69E625D92011B2B400A23880 /* WBTabbar.m */ = {isa = PBXFileReference; fileEncoding = 4; lastKnownFileType = sourcecode.c.objc; path = WBTabbar.m; sourceTree = "<group>"; };
		69E625DA2011B2B400A23880 /* CustomButton.m */ = {isa = PBXFileReference; fileEncoding = 4; lastKnownFileType = sourcecode.c.objc; path = CustomButton.m; sourceTree = "<group>"; };
		69E625DD2011B75300A23880 /* MapViewController.h */ = {isa = PBXFileReference; lastKnownFileType = sourcecode.c.h; path = MapViewController.h; sourceTree = "<group>"; };
		69E625DE2011B75300A23880 /* MapViewController.m */ = {isa = PBXFileReference; lastKnownFileType = sourcecode.c.objc; path = MapViewController.m; sourceTree = "<group>"; };
		69E625E02011B76A00A23880 /* WalletViewController.h */ = {isa = PBXFileReference; lastKnownFileType = sourcecode.c.h; path = WalletViewController.h; sourceTree = "<group>"; };
		69E625E12011B76A00A23880 /* WalletViewController.m */ = {isa = PBXFileReference; lastKnownFileType = sourcecode.c.objc; path = WalletViewController.m; sourceTree = "<group>"; };
		69E625E32011B77F00A23880 /* MeViewController.h */ = {isa = PBXFileReference; lastKnownFileType = sourcecode.c.h; path = MeViewController.h; sourceTree = "<group>"; };
		69E625E42011B77F00A23880 /* MeViewController.m */ = {isa = PBXFileReference; lastKnownFileType = sourcecode.c.objc; path = MeViewController.m; sourceTree = "<group>"; };
		DAC8E3295285F2938969636C /* Pods-JustPrintLab.release.xcconfig */ = {isa = PBXFileReference; includeInIndex = 1; lastKnownFileType = text.xcconfig; name = "Pods-JustPrintLab.release.xcconfig"; path = "Pods/Target Support Files/Pods-JustPrintLab/Pods-JustPrintLab.release.xcconfig"; sourceTree = "<group>"; };
/* End PBXFileReference section */

/* Begin PBXFrameworksBuildPhase section */
		6966A17720006440008176BA /* Frameworks */ = {
			isa = PBXFrameworksBuildPhase;
			buildActionMask = 2147483647;
			files = (
				C530EB2E8077F592168A2829 /* libPods-JustPrintLab.a in Frameworks */,
			);
			runOnlyForDeploymentPostprocessing = 0;
		};
		6966A18F20006440008176BA /* Frameworks */ = {
			isa = PBXFrameworksBuildPhase;
			buildActionMask = 2147483647;
			files = (
			);
			runOnlyForDeploymentPostprocessing = 0;
		};
		6966A19A20006440008176BA /* Frameworks */ = {
			isa = PBXFrameworksBuildPhase;
			buildActionMask = 2147483647;
			files = (
			);
			runOnlyForDeploymentPostprocessing = 0;
		};
/* End PBXFrameworksBuildPhase section */

/* Begin PBXGroup section */
		1C08426FAC97117372208803 /* Pods */ = {
			isa = PBXGroup;
			children = (
				2A8ED010C8FF066056659580 /* Pods-JustPrintLab.debug.xcconfig */,
				DAC8E3295285F2938969636C /* Pods-JustPrintLab.release.xcconfig */,
			);
			name = Pods;
			sourceTree = "<group>";
		};
		6966A17120006440008176BA = {
			isa = PBXGroup;
			children = (
				6966A17C20006440008176BA /* JustPrintLab */,
				6966A19520006440008176BA /* JustPrintLabTests */,
				6966A1A020006440008176BA /* JustPrintLabUITests */,
				6966A17B20006440008176BA /* Products */,
				1C08426FAC97117372208803 /* Pods */,
				F5A7D965106A653A5A73933E /* Frameworks */,
			);
			sourceTree = "<group>";
		};
		6966A17B20006440008176BA /* Products */ = {
			isa = PBXGroup;
			children = (
				6966A17A20006440008176BA /* JustPrintLab.app */,
				6966A19220006440008176BA /* JustPrintLabTests.xctest */,
				6966A19D20006440008176BA /* JustPrintLabUITests.xctest */,
			);
			name = Products;
			sourceTree = "<group>";
		};
		6966A17C20006440008176BA /* JustPrintLab */ = {
			isa = PBXGroup;
			children = (
				6966A1B220006EA4008176BA /* lib */,
				6966A1B1200065FC008176BA /* main */,
				6966A1AF200065D0008176BA /* other */,
				6966A18620006440008176BA /* Assets.xcassets */,
				6966A18B20006440008176BA /* Info.plist */,
			);
			path = JustPrintLab;
			sourceTree = "<group>";
		};
		6966A19520006440008176BA /* JustPrintLabTests */ = {
			isa = PBXGroup;
			children = (
				6966A19620006440008176BA /* JustPrintLabTests.m */,
				6966A19820006440008176BA /* Info.plist */,
			);
			path = JustPrintLabTests;
			sourceTree = "<group>";
		};
		6966A1A020006440008176BA /* JustPrintLabUITests */ = {
			isa = PBXGroup;
			children = (
				6966A1A120006440008176BA /* JustPrintLabUITests.m */,
				6966A1A320006440008176BA /* Info.plist */,
			);
			path = JustPrintLabUITests;
			sourceTree = "<group>";
		};
		6966A1AF200065D0008176BA /* other */ = {
			isa = PBXGroup;
			children = (
				6966A17D20006440008176BA /* AppDelegate.h */,
				6966A17E20006440008176BA /* AppDelegate.m */,
				6966A18820006440008176BA /* LaunchScreen.storyboard */,
				6966A18C20006440008176BA /* main.m */,
				69E625C4200C6F2F00A23880 /* JustPrintLab.pch */,
			);
			path = other;
			sourceTree = "<group>";
		};
		6966A1B1200065FC008176BA /* main */ = {
			isa = PBXGroup;
			children = (
				69E625E02011B76A00A23880 /* WalletViewController.h */,
				69E625E12011B76A00A23880 /* WalletViewController.m */,
				69E625DD2011B75300A23880 /* MapViewController.h */,
				69E625DE2011B75300A23880 /* MapViewController.m */,
				6966A18020006440008176BA /* ViewController.h */,
				6966A18120006440008176BA /* ViewController.m */,
				6966A1CE2001AEC2008176BA /* LoginViewController.h */,
				6966A1CF2001AEC2008176BA /* LoginViewController.m */,
				6966A1C62000871C008176BA /* LeftViewController.h */,
				6966A1C72000871C008176BA /* LeftViewController.m */,
				6966A1CB20008A7E008176BA /* PushViewController.h */,
				6966A1CC20008A7E008176BA /* PushViewController.m */,
				69E625D52011B27900A23880 /* HomeTableViewController.h */,
				69E625D42011B27900A23880 /* HomeTableViewController.m */,
				69E625E32011B77F00A23880 /* MeViewController.h */,
				69E625E42011B77F00A23880 /* MeViewController.m */,
				69E625C5200C93C400A23880 /* view */,
			);
			path = main;
			sourceTree = "<group>";
		};
		6966A1B220006EA4008176BA /* lib */ = {
			isa = PBXGroup;
			children = (
				6966A1B320006EAD008176BA /* CWLateralSlide */,
			);
			path = lib;
			sourceTree = "<group>";
		};
		6966A1B320006EAD008176BA /* CWLateralSlide */ = {
			isa = PBXGroup;
			children = (
				6966A1B420006EAD008176BA /* CWInteractiveTransition.m */,
				6966A1B520006EAD008176BA /* CWDrawerTransition.h */,
				6966A1B620006EAD008176BA /* CWLateralSlideAnimator.h */,
				6966A1B720006EAD008176BA /* UIViewController+CWLateralSlide.m */,
				6966A1B820006EAD008176BA /* CWLateralSlideConfiguration.h */,
				6966A1B920006EAD008176BA /* CWInteractiveTransition.h */,
				6966A1BA20006EAD008176BA /* CWLateralSlideAnimator.m */,
				6966A1BB20006EAD008176BA /* CWDrawerTransition.m */,
				6966A1BC20006EAD008176BA /* UIViewController+CWLateralSlide.h */,
				6966A1BD20006EAD008176BA /* CWLateralSlideConfiguration.m */,
			);
			path = CWLateralSlide;
			sourceTree = "<group>";
		};
		69E625C5200C93C400A23880 /* view */ = {
			isa = PBXGroup;
			children = (
				69E625D72011B2B400A23880 /* CustomButton.h */,
				69E625DA2011B2B400A23880 /* CustomButton.m */,
				69E625D82011B2B400A23880 /* WBTabbar.h */,
				69E625D92011B2B400A23880 /* WBTabbar.m */,
			);
			path = view;
			sourceTree = "<group>";
		};
		F5A7D965106A653A5A73933E /* Frameworks */ = {
			isa = PBXGroup;
			children = (
				0221512E296E3850139E1147 /* libPods-JustPrintLab.a */,
			);
			name = Frameworks;
			sourceTree = "<group>";
		};
/* End PBXGroup section */

/* Begin PBXNativeTarget section */
		6966A17920006440008176BA /* JustPrintLab */ = {
			isa = PBXNativeTarget;
			buildConfigurationList = 6966A1A620006440008176BA /* Build configuration list for PBXNativeTarget "JustPrintLab" */;
			buildPhases = (
				1B7AC4D1A725F94930DF3ED6 /* [CP] Check Pods Manifest.lock */,
				6966A17620006440008176BA /* Sources */,
				6966A17720006440008176BA /* Frameworks */,
				6966A17820006440008176BA /* Resources */,
				0A746754E41DE80CD8B5D603 /* [CP] Embed Pods Frameworks */,
				1017A4040DA802B608A15EE1 /* [CP] Copy Pods Resources */,
			);
			buildRules = (
			);
			dependencies = (
			);
			name = JustPrintLab;
			productName = JustPrintLab;
			productReference = 6966A17A20006440008176BA /* JustPrintLab.app */;
			productType = "com.apple.product-type.application";
		};
		6966A19120006440008176BA /* JustPrintLabTests */ = {
			isa = PBXNativeTarget;
			buildConfigurationList = 6966A1A920006440008176BA /* Build configuration list for PBXNativeTarget "JustPrintLabTests" */;
			buildPhases = (
				6966A18E20006440008176BA /* Sources */,
				6966A18F20006440008176BA /* Frameworks */,
				6966A19020006440008176BA /* Resources */,
			);
			buildRules = (
			);
			dependencies = (
				6966A19420006440008176BA /* PBXTargetDependency */,
			);
			name = JustPrintLabTests;
			productName = JustPrintLabTests;
			productReference = 6966A19220006440008176BA /* JustPrintLabTests.xctest */;
			productType = "com.apple.product-type.bundle.unit-test";
		};
		6966A19C20006440008176BA /* JustPrintLabUITests */ = {
			isa = PBXNativeTarget;
			buildConfigurationList = 6966A1AC20006440008176BA /* Build configuration list for PBXNativeTarget "JustPrintLabUITests" */;
			buildPhases = (
				6966A19920006440008176BA /* Sources */,
				6966A19A20006440008176BA /* Frameworks */,
				6966A19B20006440008176BA /* Resources */,
			);
			buildRules = (
			);
			dependencies = (
				6966A19F20006440008176BA /* PBXTargetDependency */,
			);
			name = JustPrintLabUITests;
			productName = JustPrintLabUITests;
			productReference = 6966A19D20006440008176BA /* JustPrintLabUITests.xctest */;
			productType = "com.apple.product-type.bundle.ui-testing";
		};
/* End PBXNativeTarget section */

/* Begin PBXProject section */
		6966A17220006440008176BA /* Project object */ = {
			isa = PBXProject;
			attributes = {
				LastUpgradeCheck = 0920;
				ORGANIZATIONNAME = justprint;
				TargetAttributes = {
					6966A17920006440008176BA = {
						CreatedOnToolsVersion = 9.2;
						ProvisioningStyle = Automatic;
					};
					6966A19120006440008176BA = {
						CreatedOnToolsVersion = 9.2;
						ProvisioningStyle = Automatic;
						TestTargetID = 6966A17920006440008176BA;
					};
					6966A19C20006440008176BA = {
						CreatedOnToolsVersion = 9.2;
						ProvisioningStyle = Automatic;
						TestTargetID = 6966A17920006440008176BA;
					};
				};
			};
			buildConfigurationList = 6966A17520006440008176BA /* Build configuration list for PBXProject "JustPrintLab" */;
			compatibilityVersion = "Xcode 8.0";
			developmentRegion = en;
			hasScannedForEncodings = 0;
			knownRegions = (
				en,
				Base,
			);
			mainGroup = 6966A17120006440008176BA;
			productRefGroup = 6966A17B20006440008176BA /* Products */;
			projectDirPath = "";
			projectRoot = "";
			targets = (
				6966A17920006440008176BA /* JustPrintLab */,
				6966A19120006440008176BA /* JustPrintLabTests */,
				6966A19C20006440008176BA /* JustPrintLabUITests */,
			);
		};
/* End PBXProject section */

/* Begin PBXResourcesBuildPhase section */
		6966A17820006440008176BA /* Resources */ = {
			isa = PBXResourcesBuildPhase;
			buildActionMask = 2147483647;
			files = (
				6966A18A20006440008176BA /* LaunchScreen.storyboard in Resources */,
				6966A18720006440008176BA /* Assets.xcassets in Resources */,
			);
			runOnlyForDeploymentPostprocessing = 0;
		};
		6966A19020006440008176BA /* Resources */ = {
			isa = PBXResourcesBuildPhase;
			buildActionMask = 2147483647;
			files = (
			);
			runOnlyForDeploymentPostprocessing = 0;
		};
		6966A19B20006440008176BA /* Resources */ = {
			isa = PBXResourcesBuildPhase;
			buildActionMask = 2147483647;
			files = (
			);
			runOnlyForDeploymentPostprocessing = 0;
		};
/* End PBXResourcesBuildPhase section */

/* Begin PBXShellScriptBuildPhase section */
		0A746754E41DE80CD8B5D603 /* [CP] Embed Pods Frameworks */ = {
			isa = PBXShellScriptBuildPhase;
			buildActionMask = 2147483647;
			files = (
			);
			inputPaths = (
			);
			name = "[CP] Embed Pods Frameworks";
			outputPaths = (
			);
			runOnlyForDeploymentPostprocessing = 0;
			shellPath = /bin/sh;
			shellScript = "\"${SRCROOT}/Pods/Target Support Files/Pods-JustPrintLab/Pods-JustPrintLab-frameworks.sh\"\n";
			showEnvVarsInLog = 0;
		};
		1017A4040DA802B608A15EE1 /* [CP] Copy Pods Resources */ = {
			isa = PBXShellScriptBuildPhase;
			buildActionMask = 2147483647;
			files = (
			);
			inputPaths = (
			);
			name = "[CP] Copy Pods Resources";
			outputPaths = (
			);
			runOnlyForDeploymentPostprocessing = 0;
			shellPath = /bin/sh;
			shellScript = "\"${SRCROOT}/Pods/Target Support Files/Pods-JustPrintLab/Pods-JustPrintLab-resources.sh\"\n";
			showEnvVarsInLog = 0;
		};
		1B7AC4D1A725F94930DF3ED6 /* [CP] Check Pods Manifest.lock */ = {
			isa = PBXShellScriptBuildPhase;
			buildActionMask = 2147483647;
			files = (
			);
			inputPaths = (
				"${PODS_PODFILE_DIR_PATH}/Podfile.lock",
				"${PODS_ROOT}/Manifest.lock",
			);
			name = "[CP] Check Pods Manifest.lock";
			outputPaths = (
				"$(DERIVED_FILE_DIR)/Pods-JustPrintLab-checkManifestLockResult.txt",
			);
			runOnlyForDeploymentPostprocessing = 0;
			shellPath = /bin/sh;
			shellScript = "diff \"${PODS_PODFILE_DIR_PATH}/Podfile.lock\" \"${PODS_ROOT}/Manifest.lock\" > /dev/null\nif [ $? != 0 ] ; then\n    # print error to STDERR\n    echo \"error: The sandbox is not in sync with the Podfile.lock. Run 'pod install' or update your CocoaPods installation.\" >&2\n    exit 1\nfi\n# This output is used by Xcode 'outputs' to avoid re-running this script phase.\necho \"SUCCESS\" > \"${SCRIPT_OUTPUT_FILE_0}\"\n";
			showEnvVarsInLog = 0;
		};
/* End PBXShellScriptBuildPhase section */

/* Begin PBXSourcesBuildPhase section */
		6966A17620006440008176BA /* Sources */ = {
			isa = PBXSourcesBuildPhase;
			buildActionMask = 2147483647;
			files = (
				6966A1C220006EAD008176BA /* CWLateralSlideConfiguration.m in Sources */,
				6966A1C82000871C008176BA /* LeftViewController.m in Sources */,
				6966A18220006440008176BA /* ViewController.m in Sources */,
				6966A18D20006440008176BA /* main.m in Sources */,
				69E625D62011B27900A23880 /* HomeTableViewController.m in Sources */,
				6966A17F20006440008176BA /* AppDelegate.m in Sources */,
				6966A1BE20006EAD008176BA /* CWInteractiveTransition.m in Sources */,
				6966A1CD20008A7E008176BA /* PushViewController.m in Sources */,
				6966A1C120006EAD008176BA /* CWDrawerTransition.m in Sources */,
				69E625E22011B76A00A23880 /* WalletViewController.m in Sources */,
				6966A1C020006EAD008176BA /* CWLateralSlideAnimator.m in Sources */,
				69E625DC2011B2B400A23880 /* CustomButton.m in Sources */,
				6966A1D02001AEC2008176BA /* LoginViewController.m in Sources */,
				69E625DF2011B75300A23880 /* MapViewController.m in Sources */,
				6966A1BF20006EAD008176BA /* UIViewController+CWLateralSlide.m in Sources */,
				69E625DB2011B2B400A23880 /* WBTabbar.m in Sources */,
				69E625E52011B77F00A23880 /* MeViewController.m in Sources */,
			);
			runOnlyForDeploymentPostprocessing = 0;
		};
		6966A18E20006440008176BA /* Sources */ = {
			isa = PBXSourcesBuildPhase;
			buildActionMask = 2147483647;
			files = (
				6966A19720006440008176BA /* JustPrintLabTests.m in Sources */,
			);
			runOnlyForDeploymentPostprocessing = 0;
		};
		6966A19920006440008176BA /* Sources */ = {
			isa = PBXSourcesBuildPhase;
			buildActionMask = 2147483647;
			files = (
				6966A1A220006440008176BA /* JustPrintLabUITests.m in Sources */,
			);
			runOnlyForDeploymentPostprocessing = 0;
		};
/* End PBXSourcesBuildPhase section */

/* Begin PBXTargetDependency section */
		6966A19420006440008176BA /* PBXTargetDependency */ = {
			isa = PBXTargetDependency;
			target = 6966A17920006440008176BA /* JustPrintLab */;
			targetProxy = 6966A19320006440008176BA /* PBXContainerItemProxy */;
		};
		6966A19F20006440008176BA /* PBXTargetDependency */ = {
			isa = PBXTargetDependency;
			target = 6966A17920006440008176BA /* JustPrintLab */;
			targetProxy = 6966A19E20006440008176BA /* PBXContainerItemProxy */;
		};
/* End PBXTargetDependency section */

/* Begin PBXVariantGroup section */
		6966A18820006440008176BA /* LaunchScreen.storyboard */ = {
			isa = PBXVariantGroup;
			children = (
				6966A18920006440008176BA /* Base */,
			);
			name = LaunchScreen.storyboard;
			sourceTree = "<group>";
		};
/* End PBXVariantGroup section */

/* Begin XCBuildConfiguration section */
		6966A1A420006440008176BA /* Debug */ = {
			isa = XCBuildConfiguration;
			buildSettings = {
				ALWAYS_SEARCH_USER_PATHS = NO;
				CLANG_ANALYZER_NONNULL = YES;
				CLANG_ANALYZER_NUMBER_OBJECT_CONVERSION = YES_AGGRESSIVE;
				CLANG_CXX_LANGUAGE_STANDARD = "gnu++14";
				CLANG_CXX_LIBRARY = "libc++";
				CLANG_ENABLE_MODULES = YES;
				CLANG_ENABLE_OBJC_ARC = YES;
				CLANG_WARN_BLOCK_CAPTURE_AUTORELEASING = YES;
				CLANG_WARN_BOOL_CONVERSION = YES;
				CLANG_WARN_COMMA = YES;
				CLANG_WARN_CONSTANT_CONVERSION = YES;
				CLANG_WARN_DIRECT_OBJC_ISA_USAGE = YES_ERROR;
				CLANG_WARN_DOCUMENTATION_COMMENTS = YES;
				CLANG_WARN_EMPTY_BODY = YES;
				CLANG_WARN_ENUM_CONVERSION = YES;
				CLANG_WARN_INFINITE_RECURSION = YES;
				CLANG_WARN_INT_CONVERSION = YES;
				CLANG_WARN_NON_LITERAL_NULL_CONVERSION = YES;
				CLANG_WARN_OBJC_LITERAL_CONVERSION = YES;
				CLANG_WARN_OBJC_ROOT_CLASS = YES_ERROR;
				CLANG_WARN_RANGE_LOOP_ANALYSIS = YES;
				CLANG_WARN_STRICT_PROTOTYPES = YES;
				CLANG_WARN_SUSPICIOUS_MOVE = YES;
				CLANG_WARN_UNGUARDED_AVAILABILITY = YES_AGGRESSIVE;
				CLANG_WARN_UNREACHABLE_CODE = YES;
				CLANG_WARN__DUPLICATE_METHOD_MATCH = YES;
				CODE_SIGN_IDENTITY = "iPhone Developer";
				COPY_PHASE_STRIP = NO;
				DEBUG_INFORMATION_FORMAT = dwarf;
				ENABLE_STRICT_OBJC_MSGSEND = YES;
				ENABLE_TESTABILITY = YES;
				GCC_C_LANGUAGE_STANDARD = gnu11;
				GCC_DYNAMIC_NO_PIC = NO;
				GCC_NO_COMMON_BLOCKS = YES;
				GCC_OPTIMIZATION_LEVEL = 0;
				GCC_PREPROCESSOR_DEFINITIONS = (
					"DEBUG=1",
					"$(inherited)",
				);
				GCC_WARN_64_TO_32_BIT_CONVERSION = YES;
				GCC_WARN_ABOUT_RETURN_TYPE = YES_ERROR;
				GCC_WARN_UNDECLARED_SELECTOR = YES;
				GCC_WARN_UNINITIALIZED_AUTOS = YES_AGGRESSIVE;
				GCC_WARN_UNUSED_FUNCTION = YES;
				GCC_WARN_UNUSED_VARIABLE = YES;
				IPHONEOS_DEPLOYMENT_TARGET = 11.2;
				MTL_ENABLE_DEBUG_INFO = YES;
				ONLY_ACTIVE_ARCH = YES;
				SDKROOT = iphoneos;
			};
			name = Debug;
		};
		6966A1A520006440008176BA /* Release */ = {
			isa = XCBuildConfiguration;
			buildSettings = {
				ALWAYS_SEARCH_USER_PATHS = NO;
				CLANG_ANALYZER_NONNULL = YES;
				CLANG_ANALYZER_NUMBER_OBJECT_CONVERSION = YES_AGGRESSIVE;
				CLANG_CXX_LANGUAGE_STANDARD = "gnu++14";
				CLANG_CXX_LIBRARY = "libc++";
				CLANG_ENABLE_MODULES = YES;
				CLANG_ENABLE_OBJC_ARC = YES;
				CLANG_WARN_BLOCK_CAPTURE_AUTORELEASING = YES;
				CLANG_WARN_BOOL_CONVERSION = YES;
				CLANG_WARN_COMMA = YES;
				CLANG_WARN_CONSTANT_CONVERSION = YES;
				CLANG_WARN_DIRECT_OBJC_ISA_USAGE = YES_ERROR;
				CLANG_WARN_DOCUMENTATION_COMMENTS = YES;
				CLANG_WARN_EMPTY_BODY = YES;
				CLANG_WARN_ENUM_CONVERSION = YES;
				CLANG_WARN_INFINITE_RECURSION = YES;
				CLANG_WARN_INT_CONVERSION = YES;
				CLANG_WARN_NON_LITERAL_NULL_CONVERSION = YES;
				CLANG_WARN_OBJC_LITERAL_CONVERSION = YES;
				CLANG_WARN_OBJC_ROOT_CLASS = YES_ERROR;
				CLANG_WARN_RANGE_LOOP_ANALYSIS = YES;
				CLANG_WARN_STRICT_PROTOTYPES = YES;
				CLANG_WARN_SUSPICIOUS_MOVE = YES;
				CLANG_WARN_UNGUARDED_AVAILABILITY = YES_AGGRESSIVE;
				CLANG_WARN_UNREACHABLE_CODE = YES;
				CLANG_WARN__DUPLICATE_METHOD_MATCH = YES;
				CODE_SIGN_IDENTITY = "iPhone Developer";
				COPY_PHASE_STRIP = NO;
				DEBUG_INFORMATION_FORMAT = "dwarf-with-dsym";
				ENABLE_NS_ASSERTIONS = NO;
				ENABLE_STRICT_OBJC_MSGSEND = YES;
				GCC_C_LANGUAGE_STANDARD = gnu11;
				GCC_NO_COMMON_BLOCKS = YES;
				GCC_WARN_64_TO_32_BIT_CONVERSION = YES;
				GCC_WARN_ABOUT_RETURN_TYPE = YES_ERROR;
				GCC_WARN_UNDECLARED_SELECTOR = YES;
				GCC_WARN_UNINITIALIZED_AUTOS = YES_AGGRESSIVE;
				GCC_WARN_UNUSED_FUNCTION = YES;
				GCC_WARN_UNUSED_VARIABLE = YES;
				IPHONEOS_DEPLOYMENT_TARGET = 11.2;
				MTL_ENABLE_DEBUG_INFO = NO;
				SDKROOT = iphoneos;
				VALIDATE_PRODUCT = YES;
			};
			name = Release;
		};
		6966A1A720006440008176BA /* Debug */ = {
			isa = XCBuildConfiguration;
			baseConfigurationReference = 2A8ED010C8FF066056659580 /* Pods-JustPrintLab.debug.xcconfig */;
			buildSettings = {
				ASSETCATALOG_COMPILER_APPICON_NAME = AppIcon;
				CODE_SIGN_STYLE = Automatic;
				DEVELOPMENT_TEAM = Z657UM2C6Z;
				GCC_PRECOMPILE_PREFIX_HEADER = YES;
				GCC_PREFIX_HEADER = "$(SRCROOT)/JustPrintLab/other/JustPrintLab.pch";
				INFOPLIST_FILE = JustPrintLab/Info.plist;
				LD_RUNPATH_SEARCH_PATHS = "$(inherited) @executable_path/Frameworks";
				PRODUCT_BUNDLE_IDENTIFIER = net.justprint.JustPrintLab;
				PRODUCT_NAME = "$(TARGET_NAME)";
				TARGETED_DEVICE_FAMILY = "1,2";
			};
			name = Debug;
		};
		6966A1A820006440008176BA /* Release */ = {
			isa = XCBuildConfiguration;
			baseConfigurationReference = DAC8E3295285F2938969636C /* Pods-JustPrintLab.release.xcconfig */;
			buildSettings = {
				ASSETCATALOG_COMPILER_APPICON_NAME = AppIcon;
				CODE_SIGN_STYLE = Automatic;
				DEVELOPMENT_TEAM = Z657UM2C6Z;
				GCC_PRECOMPILE_PREFIX_HEADER = YES;
				GCC_PREFIX_HEADER = "$(SRCROOT)/JustPrintLab/other/JustPrintLab.pch";
				INFOPLIST_FILE = JustPrintLab/Info.plist;
				LD_RUNPATH_SEARCH_PATHS = "$(inherited) @executable_path/Frameworks";
				PRODUCT_BUNDLE_IDENTIFIER = net.justprint.JustPrintLab;
				PRODUCT_NAME = "$(TARGET_NAME)";
				TARGETED_DEVICE_FAMILY = "1,2";
			};
			name = Release;
		};
		6966A1AA20006440008176BA /* Debug */ = {
			isa = XCBuildConfiguration;
			buildSettings = {
				BUNDLE_LOADER = "$(TEST_HOST)";
				CODE_SIGN_STYLE = Automatic;
				DEVELOPMENT_TEAM = Z657UM2C6Z;
				INFOPLIST_FILE = JustPrintLabTests/Info.plist;
				LD_RUNPATH_SEARCH_PATHS = "$(inherited) @executable_path/Frameworks @loader_path/Frameworks";
				PRODUCT_BUNDLE_IDENTIFIER = net.justprint.JustPrintLabTests;
				PRODUCT_NAME = "$(TARGET_NAME)";
				TARGETED_DEVICE_FAMILY = "1,2";
				TEST_HOST = "$(BUILT_PRODUCTS_DIR)/JustPrintLab.app/JustPrintLab";
			};
			name = Debug;
		};
		6966A1AB20006440008176BA /* Release */ = {
			isa = XCBuildConfiguration;
			buildSettings = {
				BUNDLE_LOADER = "$(TEST_HOST)";
				CODE_SIGN_STYLE = Automatic;
				DEVELOPMENT_TEAM = Z657UM2C6Z;
				INFOPLIST_FILE = JustPrintLabTests/Info.plist;
				LD_RUNPATH_SEARCH_PATHS = "$(inherited) @executable_path/Frameworks @loader_path/Frameworks";
				PRODUCT_BUNDLE_IDENTIFIER = net.justprint.JustPrintLabTests;
				PRODUCT_NAME = "$(TARGET_NAME)";
				TARGETED_DEVICE_FAMILY = "1,2";
				TEST_HOST = "$(BUILT_PRODUCTS_DIR)/JustPrintLab.app/JustPrintLab";
			};
			name = Release;
		};
		6966A1AD20006440008176BA /* Debug */ = {
			isa = XCBuildConfiguration;
			buildSettings = {
				CODE_SIGN_STYLE = Automatic;
				DEVELOPMENT_TEAM = Z657UM2C6Z;
				INFOPLIST_FILE = JustPrintLabUITests/Info.plist;
				LD_RUNPATH_SEARCH_PATHS = "$(inherited) @executable_path/Frameworks @loader_path/Frameworks";
				PRODUCT_BUNDLE_IDENTIFIER = net.justprint.JustPrintLabUITests;
				PRODUCT_NAME = "$(TARGET_NAME)";
				TARGETED_DEVICE_FAMILY = "1,2";
				TEST_TARGET_NAME = JustPrintLab;
			};
			name = Debug;
		};
		6966A1AE20006440008176BA /* Release */ = {
			isa = XCBuildConfiguration;
			buildSettings = {
				CODE_SIGN_STYLE = Automatic;
				DEVELOPMENT_TEAM = Z657UM2C6Z;
				INFOPLIST_FILE = JustPrintLabUITests/Info.plist;
				LD_RUNPATH_SEARCH_PATHS = "$(inherited) @executable_path/Frameworks @loader_path/Frameworks";
				PRODUCT_BUNDLE_IDENTIFIER = net.justprint.JustPrintLabUITests;
				PRODUCT_NAME = "$(TARGET_NAME)";
				TARGETED_DEVICE_FAMILY = "1,2";
				TEST_TARGET_NAME = JustPrintLab;
			};
			name = Release;
		};
/* End XCBuildConfiguration section */

/* Begin XCConfigurationList section */
		6966A17520006440008176BA /* Build configuration list for PBXProject "JustPrintLab" */ = {
			isa = XCConfigurationList;
			buildConfigurations = (
				6966A1A420006440008176BA /* Debug */,
				6966A1A520006440008176BA /* Release */,
			);
			defaultConfigurationIsVisible = 0;
			defaultConfigurationName = Release;
		};
		6966A1A620006440008176BA /* Build configuration list for PBXNativeTarget "JustPrintLab" */ = {
			isa = XCConfigurationList;
			buildConfigurations = (
				6966A1A720006440008176BA /* Debug */,
				6966A1A820006440008176BA /* Release */,
			);
			defaultConfigurationIsVisible = 0;
			defaultConfigurationName = Release;
		};
		6966A1A920006440008176BA /* Build configuration list for PBXNativeTarget "JustPrintLabTests" */ = {
			isa = XCConfigurationList;
			buildConfigurations = (
				6966A1AA20006440008176BA /* Debug */,
				6966A1AB20006440008176BA /* Release */,
			);
			defaultConfigurationIsVisible = 0;
			defaultConfigurationName = Release;
		};
		6966A1AC20006440008176BA /* Build configuration list for PBXNativeTarget "JustPrintLabUITests" */ = {
			isa = XCConfigurationList;
			buildConfigurations = (
				6966A1AD20006440008176BA /* Debug */,
				6966A1AE20006440008176BA /* Release */,
			);
			defaultConfigurationIsVisible = 0;
			defaultConfigurationName = Release;
		};
/* End XCConfigurationList section */
	};
	rootObject = 6966A17220006440008176BA /* Project object */;
}
