// !$*UTF8*$!
{
	archiveVersion = 1;
	classes = {
	};
	objectVersion = 48;
	objects = {

/* Begin PBXBuildFile section */
		692D4E60201D9943006B88DF /* AnimatedAnnotation.m in Sources */ = {isa = PBXBuildFile; fileRef = 692D4E5E201D9943006B88DF /* AnimatedAnnotation.m */; };
		692D4E63201D9969006B88DF /* AnimatedAnnotationView.m in Sources */ = {isa = PBXBuildFile; fileRef = 692D4E62201D9969006B88DF /* AnimatedAnnotationView.m */; };
		6958560A201DB45500F86273 /* CustomMAPointAnnotation.m in Sources */ = {isa = PBXBuildFile; fileRef = 69585609201DB45500F86273 /* CustomMAPointAnnotation.m */; };
		6958560D201DB65000F86273 /* CustomAnnotationView.m in Sources */ = {isa = PBXBuildFile; fileRef = 6958560B201DB64F00F86273 /* CustomAnnotationView.m */; };
		69585610201DB68300F86273 /* TradingHour.m in Sources */ = {isa = PBXBuildFile; fileRef = 6958560F201DB68300F86273 /* TradingHour.m */; };
		69585613201DB70200F86273 /* CustomCalloutView.m in Sources */ = {isa = PBXBuildFile; fileRef = 69585611201DB70100F86273 /* CustomCalloutView.m */; };
		69585616201EC34F00F86273 /* PrinterInfoView.m in Sources */ = {isa = PBXBuildFile; fileRef = 69585615201EC34F00F86273 /* PrinterInfoView.m */; };
		69585619201F043D00F86273 /* PrinterInfoViewController.m in Sources */ = {isa = PBXBuildFile; fileRef = 69585618201F043D00F86273 /* PrinterInfoViewController.m */; };
		695856402020090800F86273 /* CorePullScaleImageView.m in Sources */ = {isa = PBXBuildFile; fileRef = 6958563D2020090700F86273 /* CorePullScaleImageView.m */; };
		695856412020090800F86273 /* UIScrollView+PullScale.m in Sources */ = {isa = PBXBuildFile; fileRef = 6958563F2020090800F86273 /* UIScrollView+PullScale.m */; };
		695856452020317B00F86273 /* WithImageLabel.m in Sources */ = {isa = PBXBuildFile; fileRef = 695856442020317B00F86273 /* WithImageLabel.m */; };
		696203EA2015D74900402D0C /* ScanRec.m in Sources */ = {isa = PBXBuildFile; fileRef = 696203E82015D74900402D0C /* ScanRec.m */; };
		696203ED2015D75100402D0C /* ScanRecCell.m in Sources */ = {isa = PBXBuildFile; fileRef = 696203EC2015D75100402D0C /* ScanRecCell.m */; };
		696203F02015E00600402D0C /* PrintJob.m in Sources */ = {isa = PBXBuildFile; fileRef = 696203EE2015E00500402D0C /* PrintJob.m */; };
		696203F32015E00E00402D0C /* PrintJobCell.m in Sources */ = {isa = PBXBuildFile; fileRef = 696203F22015E00D00402D0C /* PrintJobCell.m */; };
		696203F62015E20600402D0C /* PrintDetail.m in Sources */ = {isa = PBXBuildFile; fileRef = 696203F52015E20600402D0C /* PrintDetail.m */; };
		696203FF2016CA6200402D0C /* PrintUploadView.m in Sources */ = {isa = PBXBuildFile; fileRef = 696203FE2016CA6200402D0C /* PrintUploadView.m */; };
		696204022016D67600402D0C /* UploadButton.m in Sources */ = {isa = PBXBuildFile; fileRef = 696204012016D67500402D0C /* UploadButton.m */; };
		6962040920173D2F00402D0C /* MBProgressHUD.m in Sources */ = {isa = PBXBuildFile; fileRef = 6962040420173D2F00402D0C /* MBProgressHUD.m */; };
		6962040A20173D2F00402D0C /* MBProgressHUD+MJ.m in Sources */ = {isa = PBXBuildFile; fileRef = 6962040720173D2F00402D0C /* MBProgressHUD+MJ.m */; };
		6962040B20173D2F00402D0C /* MBProgressHUD.bundle in Resources */ = {isa = PBXBuildFile; fileRef = 6962040820173D2F00402D0C /* MBProgressHUD.bundle */; };
		6962040E201752DD00402D0C /* PayRecViewController.m in Sources */ = {isa = PBXBuildFile; fileRef = 6962040C201752DD00402D0C /* PayRecViewController.m */; };
		69620411201752F700402D0C /* RefoundViewController.m in Sources */ = {isa = PBXBuildFile; fileRef = 69620410201752F700402D0C /* RefoundViewController.m */; };
		696204152017533600402D0C /* PayRecTableViewCell.m in Sources */ = {isa = PBXBuildFile; fileRef = 696204142017533600402D0C /* PayRecTableViewCell.m */; };
		69620419201753FE00402D0C /* PayRec.m in Sources */ = {isa = PBXBuildFile; fileRef = 69620418201753FE00402D0C /* PayRec.m */; };
		6962041D201814B100402D0C /* PrintConfigViewController.m in Sources */ = {isa = PBXBuildFile; fileRef = 6962041C201814B100402D0C /* PrintConfigViewController.m */; };
		6966A17F20006440008176BA /* AppDelegate.m in Sources */ = {isa = PBXBuildFile; fileRef = 6966A17E20006440008176BA /* AppDelegate.m */; };
		6966A18220006440008176BA /* ViewController.m in Sources */ = {isa = PBXBuildFile; fileRef = 6966A18120006440008176BA /* ViewController.m */; };
		6966A18720006440008176BA /* Assets.xcassets in Resources */ = {isa = PBXBuildFile; fileRef = 6966A18620006440008176BA /* Assets.xcassets */; };
		6966A18A20006440008176BA /* LaunchScreen.storyboard in Resources */ = {isa = PBXBuildFile; fileRef = 6966A18820006440008176BA /* LaunchScreen.storyboard */; };
		6966A18D20006440008176BA /* main.m in Sources */ = {isa = PBXBuildFile; fileRef = 6966A18C20006440008176BA /* main.m */; };
		6966A19720006440008176BA /* JustPrintLabTests.m in Sources */ = {isa = PBXBuildFile; fileRef = 6966A19620006440008176BA /* JustPrintLabTests.m */; };
		6966A1A220006440008176BA /* JustPrintLabUITests.m in Sources */ = {isa = PBXBuildFile; fileRef = 6966A1A120006440008176BA /* JustPrintLabUITests.m */; };
		6966A1BE20006EAD008176BA /* CWInteractiveTransition.m in Sources */ = {isa = PBXBuildFile; fileRef = 6966A1B420006EAD008176BA /* CWInteractiveTransition.m */; };
		6966A1BF20006EAD008176BA /* UIViewController+CWLateralSlide.m in Sources */ = {isa = PBXBuildFile; fileRef = 6966A1B720006EAD008176BA /* UIViewController+CWLateralSlide.m */; };
		6966A1C020006EAD008176BA /* CWLateralSlideAnimator.m in Sources */ = {isa = PBXBuildFile; fileRef = 6966A1BA20006EAD008176BA /* CWLateralSlideAnimator.m */; };
		6966A1C120006EAD008176BA /* CWDrawerTransition.m in Sources */ = {isa = PBXBuildFile; fileRef = 6966A1BB20006EAD008176BA /* CWDrawerTransition.m */; };
		6966A1C220006EAD008176BA /* CWLateralSlideConfiguration.m in Sources */ = {isa = PBXBuildFile; fileRef = 6966A1BD20006EAD008176BA /* CWLateralSlideConfiguration.m */; };
		6966A1C82000871C008176BA /* LeftViewController.m in Sources */ = {isa = PBXBuildFile; fileRef = 6966A1C72000871C008176BA /* LeftViewController.m */; };
		6966A1CD20008A7E008176BA /* PushViewController.m in Sources */ = {isa = PBXBuildFile; fileRef = 6966A1CC20008A7E008176BA /* PushViewController.m */; };
		6966A1D02001AEC2008176BA /* LoginViewController.m in Sources */ = {isa = PBXBuildFile; fileRef = 6966A1CF2001AEC2008176BA /* LoginViewController.m */; };
		699A06F62018577700DD4461 /* IFMMenuView.m in Sources */ = {isa = PBXBuildFile; fileRef = 699A06EE2018577700DD4461 /* IFMMenuView.m */; };
		699A06F72018577700DD4461 /* IFMMenuContainerView.m in Sources */ = {isa = PBXBuildFile; fileRef = 699A06F02018577700DD4461 /* IFMMenuContainerView.m */; };
		699A06F82018577700DD4461 /* IFMMenuItem.m in Sources */ = {isa = PBXBuildFile; fileRef = 699A06F12018577700DD4461 /* IFMMenuItem.m */; };
		699A06F92018577700DD4461 /* IFMMenu.m in Sources */ = {isa = PBXBuildFile; fileRef = 699A06F52018577700DD4461 /* IFMMenu.m */; };
		699A06FC2018585800DD4461 /* PrintMemu.m in Sources */ = {isa = PBXBuildFile; fileRef = 699A06FB2018585800DD4461 /* PrintMemu.m */; };
		699A07042018895D00DD4461 /* HQStepper.m in Sources */ = {isa = PBXBuildFile; fileRef = 699A06FE2018895C00DD4461 /* HQStepper.m */; };
		699A07052018895D00DD4461 /* UIColor+HQStepper.m in Sources */ = {isa = PBXBuildFile; fileRef = 699A07012018895C00DD4461 /* UIColor+HQStepper.m */; };
		699A07062018895D00DD4461 /* HQStepperButton.m in Sources */ = {isa = PBXBuildFile; fileRef = 699A07032018895C00DD4461 /* HQStepperButton.m */; };
		699A070C20194F3300DD4461 /* SelectedButton.m in Sources */ = {isa = PBXBuildFile; fileRef = 699A070B20194F3300DD4461 /* SelectedButton.m */; };
		69AB86B220128F460060C19F /* HomeHeaderView.m in Sources */ = {isa = PBXBuildFile; fileRef = 69AB86B120128F460060C19F /* HomeHeaderView.m */; };
		69AB86B5201295580060C19F /* HomeMidView.m in Sources */ = {isa = PBXBuildFile; fileRef = 69AB86B4201295580060C19F /* HomeMidView.m */; };
		69AB86C42012E5270060C19F /* BaseNavigationController.m in Sources */ = {isa = PBXBuildFile; fileRef = 69AB86C32012E5270060C19F /* BaseNavigationController.m */; };
		69AB86C72013317E0060C19F /* WalletViewController.m in Sources */ = {isa = PBXBuildFile; fileRef = 69AB86C62013317E0060C19F /* WalletViewController.m */; };
		69E115F7201A93E3005E56CB /* UIView+cxr.m in Sources */ = {isa = PBXBuildFile; fileRef = 69E115F6201A93E3005E56CB /* UIView+cxr.m */; };
		69E115FA201AD55D005E56CB /* QRcodeViewController.m in Sources */ = {isa = PBXBuildFile; fileRef = 69E115F9201AD55D005E56CB /* QRcodeViewController.m */; };
		69E115FD201AD5B0005E56CB /* CoverView.m in Sources */ = {isa = PBXBuildFile; fileRef = 69E115FC201AD5AF005E56CB /* CoverView.m */; };
		69E11600201AFDDC005E56CB /* CertificationSccessViewController.m in Sources */ = {isa = PBXBuildFile; fileRef = 69E115FF201AFDDC005E56CB /* CertificationSccessViewController.m */; };
		69E1160C201C08EB005E56CB /* FeeStdView.m in Sources */ = {isa = PBXBuildFile; fileRef = 69E1160B201C08EB005E56CB /* FeeStdView.m */; };
		69E11615201C1A2A005E56CB /* Feedetail.m in Sources */ = {isa = PBXBuildFile; fileRef = 69E11613201C1A29005E56CB /* Feedetail.m */; };
		69E1161C201D6A9F005E56CB /* JpDevice.m in Sources */ = {isa = PBXBuildFile; fileRef = 69E1161B201D6A9E005E56CB /* JpDevice.m */; };
		69E1161F201D6B13005E56CB /* MFPFullInfo.m in Sources */ = {isa = PBXBuildFile; fileRef = 69E1161D201D6B13005E56CB /* MFPFullInfo.m */; };
		69E625D62011B27900A23880 /* HomeTableViewController.m in Sources */ = {isa = PBXBuildFile; fileRef = 69E625D42011B27900A23880 /* HomeTableViewController.m */; };
		69E625DB2011B2B400A23880 /* WBTabbar.m in Sources */ = {isa = PBXBuildFile; fileRef = 69E625D92011B2B400A23880 /* WBTabbar.m */; };
		69E625DC2011B2B400A23880 /* CustomButton.m in Sources */ = {isa = PBXBuildFile; fileRef = 69E625DA2011B2B400A23880 /* CustomButton.m */; };
		69E625DF2011B75300A23880 /* MapViewController.m in Sources */ = {isa = PBXBuildFile; fileRef = 69E625DE2011B75300A23880 /* MapViewController.m */; };
		69E625E52011B77F00A23880 /* MeViewController.m in Sources */ = {isa = PBXBuildFile; fileRef = 69E625E42011B77F00A23880 /* MeViewController.m */; };
		69F03FFF20204416008E2292 /* FeeView.m in Sources */ = {isa = PBXBuildFile; fileRef = 69F03FFE20204416008E2292 /* FeeView.m */; };
		69F7E73220136261007CFE9E /* SetupTableViewController.m in Sources */ = {isa = PBXBuildFile; fileRef = 69F7E73120136261007CFE9E /* SetupTableViewController.m */; };
		69F7E735201413BD007CFE9E /* LaunchViewController.m in Sources */ = {isa = PBXBuildFile; fileRef = 69F7E733201413BC007CFE9E /* LaunchViewController.m */; };
		69F7E73920141411007CFE9E /* DrawCircleProgressButton.m in Sources */ = {isa = PBXBuildFile; fileRef = 69F7E73820141411007CFE9E /* DrawCircleProgressButton.m */; };
		69F7E73D20143B6D007CFE9E /* Account.m in Sources */ = {isa = PBXBuildFile; fileRef = 69F7E73C20143B6D007CFE9E /* Account.m */; };
		69F7E740201450F3007CFE9E /* UniHttpTool.m in Sources */ = {isa = PBXBuildFile; fileRef = 69F7E73F201450F3007CFE9E /* UniHttpTool.m */; };
		69F7E7432014535A007CFE9E /* HyperlinksButton.m in Sources */ = {isa = PBXBuildFile; fileRef = 69F7E7422014535A007CFE9E /* HyperlinksButton.m */; };
		69F7E74620145513007CFE9E /* ProtocolViewController.m in Sources */ = {isa = PBXBuildFile; fileRef = 69F7E74420145513007CFE9E /* ProtocolViewController.m */; };
		69F7E74920145F76007CFE9E /* CommonFunc.m in Sources */ = {isa = PBXBuildFile; fileRef = 69F7E74820145F76007CFE9E /* CommonFunc.m */; };
		69F7E74F2015C1A6007CFE9E /* BaseTableViewController.m in Sources */ = {isa = PBXBuildFile; fileRef = 69F7E74E2015C1A6007CFE9E /* BaseTableViewController.m */; };
		69F7E7522015C30A007CFE9E /* ScanTableViewController.m in Sources */ = {isa = PBXBuildFile; fileRef = 69F7E7512015C30A007CFE9E /* ScanTableViewController.m */; };
		69F7E7552015C4BD007CFE9E /* PrintTableViewController.m in Sources */ = {isa = PBXBuildFile; fileRef = 69F7E7542015C4BD007CFE9E /* PrintTableViewController.m */; };
		C530EB2E8077F592168A2829 /* libPods-JustPrintLab.a in Frameworks */ = {isa = PBXBuildFile; fileRef = 0221512E296E3850139E1147 /* libPods-JustPrintLab.a */; };
/* End PBXBuildFile section */

/* Begin PBXContainerItemProxy section */
		6966A19320006440008176BA /* PBXContainerItemProxy */ = {
			isa = PBXContainerItemProxy;
			containerPortal = 6966A17220006440008176BA /* Project object */;
			proxyType = 1;
			remoteGlobalIDString = 6966A17920006440008176BA;
			remoteInfo = JustPrintLab;
		};
		6966A19E20006440008176BA /* PBXContainerItemProxy */ = {
			isa = PBXContainerItemProxy;
			containerPortal = 6966A17220006440008176BA /* Project object */;
			proxyType = 1;
			remoteGlobalIDString = 6966A17920006440008176BA;
			remoteInfo = JustPrintLab;
		};
/* End PBXContainerItemProxy section */

/* Begin PBXFileReference section */
		0221512E296E3850139E1147 /* libPods-JustPrintLab.a */ = {isa = PBXFileReference; explicitFileType = archive.ar; includeInIndex = 0; path = "libPods-JustPrintLab.a"; sourceTree = BUILT_PRODUCTS_DIR; };
		2A8ED010C8FF066056659580 /* Pods-JustPrintLab.debug.xcconfig */ = {isa = PBXFileReference; includeInIndex = 1; lastKnownFileType = text.xcconfig; name = "Pods-JustPrintLab.debug.xcconfig"; path = "Pods/Target Support Files/Pods-JustPrintLab/Pods-JustPrintLab.debug.xcconfig"; sourceTree = "<group>"; };
		692D4E5E201D9943006B88DF /* AnimatedAnnotation.m */ = {isa = PBXFileReference; fileEncoding = 4; lastKnownFileType = sourcecode.c.objc; path = AnimatedAnnotation.m; sourceTree = "<group>"; };
		692D4E5F201D9943006B88DF /* AnimatedAnnotation.h */ = {isa = PBXFileReference; fileEncoding = 4; lastKnownFileType = sourcecode.c.h; path = AnimatedAnnotation.h; sourceTree = "<group>"; };
		692D4E61201D9969006B88DF /* AnimatedAnnotationView.h */ = {isa = PBXFileReference; fileEncoding = 4; lastKnownFileType = sourcecode.c.h; path = AnimatedAnnotationView.h; sourceTree = "<group>"; };
		692D4E62201D9969006B88DF /* AnimatedAnnotationView.m */ = {isa = PBXFileReference; fileEncoding = 4; lastKnownFileType = sourcecode.c.objc; path = AnimatedAnnotationView.m; sourceTree = "<group>"; };
		69585608201DB45400F86273 /* CustomMAPointAnnotation.h */ = {isa = PBXFileReference; fileEncoding = 4; lastKnownFileType = sourcecode.c.h; path = CustomMAPointAnnotation.h; sourceTree = "<group>"; };
		69585609201DB45500F86273 /* CustomMAPointAnnotation.m */ = {isa = PBXFileReference; fileEncoding = 4; lastKnownFileType = sourcecode.c.objc; path = CustomMAPointAnnotation.m; sourceTree = "<group>"; };
		6958560B201DB64F00F86273 /* CustomAnnotationView.m */ = {isa = PBXFileReference; fileEncoding = 4; lastKnownFileType = sourcecode.c.objc; path = CustomAnnotationView.m; sourceTree = "<group>"; };
		6958560C201DB65000F86273 /* CustomAnnotationView.h */ = {isa = PBXFileReference; fileEncoding = 4; lastKnownFileType = sourcecode.c.h; path = CustomAnnotationView.h; sourceTree = "<group>"; };
		6958560E201DB68200F86273 /* TradingHour.h */ = {isa = PBXFileReference; fileEncoding = 4; lastKnownFileType = sourcecode.c.h; path = TradingHour.h; sourceTree = "<group>"; };
		6958560F201DB68300F86273 /* TradingHour.m */ = {isa = PBXFileReference; fileEncoding = 4; lastKnownFileType = sourcecode.c.objc; path = TradingHour.m; sourceTree = "<group>"; };
		69585611201DB70100F86273 /* CustomCalloutView.m */ = {isa = PBXFileReference; fileEncoding = 4; lastKnownFileType = sourcecode.c.objc; path = CustomCalloutView.m; sourceTree = "<group>"; };
		69585612201DB70100F86273 /* CustomCalloutView.h */ = {isa = PBXFileReference; fileEncoding = 4; lastKnownFileType = sourcecode.c.h; path = CustomCalloutView.h; sourceTree = "<group>"; };
		69585614201EC34F00F86273 /* PrinterInfoView.h */ = {isa = PBXFileReference; lastKnownFileType = sourcecode.c.h; path = PrinterInfoView.h; sourceTree = "<group>"; };
		69585615201EC34F00F86273 /* PrinterInfoView.m */ = {isa = PBXFileReference; lastKnownFileType = sourcecode.c.objc; path = PrinterInfoView.m; sourceTree = "<group>"; };
		69585617201F043D00F86273 /* PrinterInfoViewController.h */ = {isa = PBXFileReference; lastKnownFileType = sourcecode.c.h; path = PrinterInfoViewController.h; sourceTree = "<group>"; };
		69585618201F043D00F86273 /* PrinterInfoViewController.m */ = {isa = PBXFileReference; lastKnownFileType = sourcecode.c.objc; path = PrinterInfoViewController.m; sourceTree = "<group>"; };
		6958563C2020090700F86273 /* UIScrollView+PullScale.h */ = {isa = PBXFileReference; fileEncoding = 4; lastKnownFileType = sourcecode.c.h; path = "UIScrollView+PullScale.h"; sourceTree = "<group>"; };
		6958563D2020090700F86273 /* CorePullScaleImageView.m */ = {isa = PBXFileReference; fileEncoding = 4; lastKnownFileType = sourcecode.c.objc; path = CorePullScaleImageView.m; sourceTree = "<group>"; };
		6958563E2020090800F86273 /* CorePullScaleImageView.h */ = {isa = PBXFileReference; fileEncoding = 4; lastKnownFileType = sourcecode.c.h; path = CorePullScaleImageView.h; sourceTree = "<group>"; };
		6958563F2020090800F86273 /* UIScrollView+PullScale.m */ = {isa = PBXFileReference; fileEncoding = 4; lastKnownFileType = sourcecode.c.objc; path = "UIScrollView+PullScale.m"; sourceTree = "<group>"; };
		695856432020317B00F86273 /* WithImageLabel.h */ = {isa = PBXFileReference; lastKnownFileType = sourcecode.c.h; path = WithImageLabel.h; sourceTree = "<group>"; };
		695856442020317B00F86273 /* WithImageLabel.m */ = {isa = PBXFileReference; lastKnownFileType = sourcecode.c.objc; path = WithImageLabel.m; sourceTree = "<group>"; };
		696203E82015D74900402D0C /* ScanRec.m */ = {isa = PBXFileReference; fileEncoding = 4; lastKnownFileType = sourcecode.c.objc; path = ScanRec.m; sourceTree = "<group>"; };
		696203E92015D74900402D0C /* ScanRec.h */ = {isa = PBXFileReference; fileEncoding = 4; lastKnownFileType = sourcecode.c.h; path = ScanRec.h; sourceTree = "<group>"; };
		696203EB2015D75000402D0C /* ScanRecCell.h */ = {isa = PBXFileReference; fileEncoding = 4; lastKnownFileType = sourcecode.c.h; path = ScanRecCell.h; sourceTree = "<group>"; };
		696203EC2015D75100402D0C /* ScanRecCell.m */ = {isa = PBXFileReference; fileEncoding = 4; lastKnownFileType = sourcecode.c.objc; path = ScanRecCell.m; sourceTree = "<group>"; };
		696203EE2015E00500402D0C /* PrintJob.m */ = {isa = PBXFileReference; fileEncoding = 4; lastKnownFileType = sourcecode.c.objc; path = PrintJob.m; sourceTree = "<group>"; };
		696203EF2015E00500402D0C /* PrintJob.h */ = {isa = PBXFileReference; fileEncoding = 4; lastKnownFileType = sourcecode.c.h; path = PrintJob.h; sourceTree = "<group>"; };
		696203F12015E00D00402D0C /* PrintJobCell.h */ = {isa = PBXFileReference; fileEncoding = 4; lastKnownFileType = sourcecode.c.h; path = PrintJobCell.h; sourceTree = "<group>"; };
		696203F22015E00D00402D0C /* PrintJobCell.m */ = {isa = PBXFileReference; fileEncoding = 4; lastKnownFileType = sourcecode.c.objc; path = PrintJobCell.m; sourceTree = "<group>"; };
		696203F42015E20500402D0C /* PrintDetail.h */ = {isa = PBXFileReference; fileEncoding = 4; lastKnownFileType = sourcecode.c.h; path = PrintDetail.h; sourceTree = "<group>"; };
		696203F52015E20600402D0C /* PrintDetail.m */ = {isa = PBXFileReference; fileEncoding = 4; lastKnownFileType = sourcecode.c.objc; path = PrintDetail.m; sourceTree = "<group>"; };
		696203FD2016CA6200402D0C /* PrintUploadView.h */ = {isa = PBXFileReference; lastKnownFileType = sourcecode.c.h; path = PrintUploadView.h; sourceTree = "<group>"; };
		696203FE2016CA6200402D0C /* PrintUploadView.m */ = {isa = PBXFileReference; lastKnownFileType = sourcecode.c.objc; path = PrintUploadView.m; sourceTree = "<group>"; };
		696204002016D67500402D0C /* UploadButton.h */ = {isa = PBXFileReference; fileEncoding = 4; lastKnownFileType = sourcecode.c.h; path = UploadButton.h; sourceTree = "<group>"; };
		696204012016D67500402D0C /* UploadButton.m */ = {isa = PBXFileReference; fileEncoding = 4; lastKnownFileType = sourcecode.c.objc; path = UploadButton.m; sourceTree = "<group>"; };
		6962040420173D2F00402D0C /* MBProgressHUD.m */ = {isa = PBXFileReference; fileEncoding = 4; lastKnownFileType = sourcecode.c.objc; path = MBProgressHUD.m; sourceTree = "<group>"; };
		6962040520173D2F00402D0C /* MBProgressHUD+MJ.h */ = {isa = PBXFileReference; fileEncoding = 4; lastKnownFileType = sourcecode.c.h; path = "MBProgressHUD+MJ.h"; sourceTree = "<group>"; };
		6962040620173D2F00402D0C /* MBProgressHUD.h */ = {isa = PBXFileReference; fileEncoding = 4; lastKnownFileType = sourcecode.c.h; path = MBProgressHUD.h; sourceTree = "<group>"; };
		6962040720173D2F00402D0C /* MBProgressHUD+MJ.m */ = {isa = PBXFileReference; fileEncoding = 4; lastKnownFileType = sourcecode.c.objc; path = "MBProgressHUD+MJ.m"; sourceTree = "<group>"; };
		6962040820173D2F00402D0C /* MBProgressHUD.bundle */ = {isa = PBXFileReference; lastKnownFileType = "wrapper.plug-in"; path = MBProgressHUD.bundle; sourceTree = "<group>"; };
		6962040C201752DD00402D0C /* PayRecViewController.m */ = {isa = PBXFileReference; fileEncoding = 4; lastKnownFileType = sourcecode.c.objc; path = PayRecViewController.m; sourceTree = "<group>"; };
		6962040D201752DD00402D0C /* PayRecViewController.h */ = {isa = PBXFileReference; fileEncoding = 4; lastKnownFileType = sourcecode.c.h; path = PayRecViewController.h; sourceTree = "<group>"; };
		6962040F201752F600402D0C /* RefoundViewController.h */ = {isa = PBXFileReference; fileEncoding = 4; lastKnownFileType = sourcecode.c.h; path = RefoundViewController.h; sourceTree = "<group>"; };
		69620410201752F700402D0C /* RefoundViewController.m */ = {isa = PBXFileReference; fileEncoding = 4; lastKnownFileType = sourcecode.c.objc; path = RefoundViewController.m; sourceTree = "<group>"; };
		696204132017533600402D0C /* PayRecTableViewCell.h */ = {isa = PBXFileReference; fileEncoding = 4; lastKnownFileType = sourcecode.c.h; path = PayRecTableViewCell.h; sourceTree = "<group>"; };
		696204142017533600402D0C /* PayRecTableViewCell.m */ = {isa = PBXFileReference; fileEncoding = 4; lastKnownFileType = sourcecode.c.objc; path = PayRecTableViewCell.m; sourceTree = "<group>"; };
		69620417201753FD00402D0C /* PayRec.h */ = {isa = PBXFileReference; fileEncoding = 4; lastKnownFileType = sourcecode.c.h; path = PayRec.h; sourceTree = "<group>"; };
		69620418201753FE00402D0C /* PayRec.m */ = {isa = PBXFileReference; fileEncoding = 4; lastKnownFileType = sourcecode.c.objc; path = PayRec.m; sourceTree = "<group>"; };
		6962041A20176A8900402D0C /* zh-Hans */ = {isa = PBXFileReference; lastKnownFileType = text.plist.strings; name = "zh-Hans"; path = "zh-Hans.lproj/LaunchScreen.strings"; sourceTree = "<group>"; };
		6962041B201814B100402D0C /* PrintConfigViewController.h */ = {isa = PBXFileReference; lastKnownFileType = sourcecode.c.h; path = PrintConfigViewController.h; sourceTree = "<group>"; };
		6962041C201814B100402D0C /* PrintConfigViewController.m */ = {isa = PBXFileReference; lastKnownFileType = sourcecode.c.objc; path = PrintConfigViewController.m; sourceTree = "<group>"; };
		6966A17A20006440008176BA /* JustPrintLab.app */ = {isa = PBXFileReference; explicitFileType = wrapper.application; includeInIndex = 0; path = JustPrintLab.app; sourceTree = BUILT_PRODUCTS_DIR; };
		6966A17D20006440008176BA /* AppDelegate.h */ = {isa = PBXFileReference; lastKnownFileType = sourcecode.c.h; path = AppDelegate.h; sourceTree = "<group>"; };
		6966A17E20006440008176BA /* AppDelegate.m */ = {isa = PBXFileReference; lastKnownFileType = sourcecode.c.objc; path = AppDelegate.m; sourceTree = "<group>"; };
		6966A18020006440008176BA /* ViewController.h */ = {isa = PBXFileReference; lastKnownFileType = sourcecode.c.h; path = ViewController.h; sourceTree = "<group>"; };
		6966A18120006440008176BA /* ViewController.m */ = {isa = PBXFileReference; lastKnownFileType = sourcecode.c.objc; path = ViewController.m; sourceTree = "<group>"; };
		6966A18620006440008176BA /* Assets.xcassets */ = {isa = PBXFileReference; lastKnownFileType = folder.assetcatalog; path = Assets.xcassets; sourceTree = "<group>"; };
		6966A18920006440008176BA /* Base */ = {isa = PBXFileReference; lastKnownFileType = file.storyboard; name = Base; path = Base.lproj/LaunchScreen.storyboard; sourceTree = "<group>"; };
		6966A18B20006440008176BA /* Info.plist */ = {isa = PBXFileReference; lastKnownFileType = text.plist.xml; path = Info.plist; sourceTree = "<group>"; };
		6966A18C20006440008176BA /* main.m */ = {isa = PBXFileReference; lastKnownFileType = sourcecode.c.objc; path = main.m; sourceTree = "<group>"; };
		6966A19220006440008176BA /* JustPrintLabTests.xctest */ = {isa = PBXFileReference; explicitFileType = wrapper.cfbundle; includeInIndex = 0; path = JustPrintLabTests.xctest; sourceTree = BUILT_PRODUCTS_DIR; };
		6966A19620006440008176BA /* JustPrintLabTests.m */ = {isa = PBXFileReference; lastKnownFileType = sourcecode.c.objc; path = JustPrintLabTests.m; sourceTree = "<group>"; };
		6966A19820006440008176BA /* Info.plist */ = {isa = PBXFileReference; lastKnownFileType = text.plist.xml; path = Info.plist; sourceTree = "<group>"; };
		6966A19D20006440008176BA /* JustPrintLabUITests.xctest */ = {isa = PBXFileReference; explicitFileType = wrapper.cfbundle; includeInIndex = 0; path = JustPrintLabUITests.xctest; sourceTree = BUILT_PRODUCTS_DIR; };
		6966A1A120006440008176BA /* JustPrintLabUITests.m */ = {isa = PBXFileReference; lastKnownFileType = sourcecode.c.objc; path = JustPrintLabUITests.m; sourceTree = "<group>"; };
		6966A1A320006440008176BA /* Info.plist */ = {isa = PBXFileReference; lastKnownFileType = text.plist.xml; path = Info.plist; sourceTree = "<group>"; };
		6966A1B420006EAD008176BA /* CWInteractiveTransition.m */ = {isa = PBXFileReference; fileEncoding = 4; lastKnownFileType = sourcecode.c.objc; path = CWInteractiveTransition.m; sourceTree = "<group>"; };
		6966A1B520006EAD008176BA /* CWDrawerTransition.h */ = {isa = PBXFileReference; fileEncoding = 4; lastKnownFileType = sourcecode.c.h; path = CWDrawerTransition.h; sourceTree = "<group>"; };
		6966A1B620006EAD008176BA /* CWLateralSlideAnimator.h */ = {isa = PBXFileReference; fileEncoding = 4; lastKnownFileType = sourcecode.c.h; path = CWLateralSlideAnimator.h; sourceTree = "<group>"; };
		6966A1B720006EAD008176BA /* UIViewController+CWLateralSlide.m */ = {isa = PBXFileReference; fileEncoding = 4; lastKnownFileType = sourcecode.c.objc; path = "UIViewController+CWLateralSlide.m"; sourceTree = "<group>"; };
		6966A1B820006EAD008176BA /* CWLateralSlideConfiguration.h */ = {isa = PBXFileReference; fileEncoding = 4; lastKnownFileType = sourcecode.c.h; path = CWLateralSlideConfiguration.h; sourceTree = "<group>"; };
		6966A1B920006EAD008176BA /* CWInteractiveTransition.h */ = {isa = PBXFileReference; fileEncoding = 4; lastKnownFileType = sourcecode.c.h; path = CWInteractiveTransition.h; sourceTree = "<group>"; };
		6966A1BA20006EAD008176BA /* CWLateralSlideAnimator.m */ = {isa = PBXFileReference; fileEncoding = 4; lastKnownFileType = sourcecode.c.objc; path = CWLateralSlideAnimator.m; sourceTree = "<group>"; };
		6966A1BB20006EAD008176BA /* CWDrawerTransition.m */ = {isa = PBXFileReference; fileEncoding = 4; lastKnownFileType = sourcecode.c.objc; path = CWDrawerTransition.m; sourceTree = "<group>"; };
		6966A1BC20006EAD008176BA /* UIViewController+CWLateralSlide.h */ = {isa = PBXFileReference; fileEncoding = 4; lastKnownFileType = sourcecode.c.h; path = "UIViewController+CWLateralSlide.h"; sourceTree = "<group>"; };
		6966A1BD20006EAD008176BA /* CWLateralSlideConfiguration.m */ = {isa = PBXFileReference; fileEncoding = 4; lastKnownFileType = sourcecode.c.objc; path = CWLateralSlideConfiguration.m; sourceTree = "<group>"; };
		6966A1C62000871C008176BA /* LeftViewController.h */ = {isa = PBXFileReference; fileEncoding = 4; lastKnownFileType = sourcecode.c.h; path = LeftViewController.h; sourceTree = "<group>"; };
		6966A1C72000871C008176BA /* LeftViewController.m */ = {isa = PBXFileReference; fileEncoding = 4; lastKnownFileType = sourcecode.c.objc; path = LeftViewController.m; sourceTree = "<group>"; };
		6966A1CB20008A7E008176BA /* PushViewController.h */ = {isa = PBXFileReference; lastKnownFileType = sourcecode.c.h; path = PushViewController.h; sourceTree = "<group>"; };
		6966A1CC20008A7E008176BA /* PushViewController.m */ = {isa = PBXFileReference; lastKnownFileType = sourcecode.c.objc; path = PushViewController.m; sourceTree = "<group>"; };
		6966A1CE2001AEC2008176BA /* LoginViewController.h */ = {isa = PBXFileReference; lastKnownFileType = sourcecode.c.h; path = LoginViewController.h; sourceTree = "<group>"; };
		6966A1CF2001AEC2008176BA /* LoginViewController.m */ = {isa = PBXFileReference; lastKnownFileType = sourcecode.c.objc; path = LoginViewController.m; sourceTree = "<group>"; };
		699A06EE2018577700DD4461 /* IFMMenuView.m */ = {isa = PBXFileReference; fileEncoding = 4; lastKnownFileType = sourcecode.c.objc; path = IFMMenuView.m; sourceTree = "<group>"; };
		699A06EF2018577700DD4461 /* IFMMenu.h */ = {isa = PBXFileReference; fileEncoding = 4; lastKnownFileType = sourcecode.c.h; path = IFMMenu.h; sourceTree = "<group>"; };
		699A06F02018577700DD4461 /* IFMMenuContainerView.m */ = {isa = PBXFileReference; fileEncoding = 4; lastKnownFileType = sourcecode.c.objc; path = IFMMenuContainerView.m; sourceTree = "<group>"; };
		699A06F12018577700DD4461 /* IFMMenuItem.m */ = {isa = PBXFileReference; fileEncoding = 4; lastKnownFileType = sourcecode.c.objc; path = IFMMenuItem.m; sourceTree = "<group>"; };
		699A06F22018577700DD4461 /* IFMMenuView.h */ = {isa = PBXFileReference; fileEncoding = 4; lastKnownFileType = sourcecode.c.h; path = IFMMenuView.h; sourceTree = "<group>"; };
		699A06F32018577700DD4461 /* IFMMenuItem.h */ = {isa = PBXFileReference; fileEncoding = 4; lastKnownFileType = sourcecode.c.h; path = IFMMenuItem.h; sourceTree = "<group>"; };
		699A06F42018577700DD4461 /* IFMMenuContainerView.h */ = {isa = PBXFileReference; fileEncoding = 4; lastKnownFileType = sourcecode.c.h; path = IFMMenuContainerView.h; sourceTree = "<group>"; };
		699A06F52018577700DD4461 /* IFMMenu.m */ = {isa = PBXFileReference; fileEncoding = 4; lastKnownFileType = sourcecode.c.objc; path = IFMMenu.m; sourceTree = "<group>"; };
		699A06FA2018585800DD4461 /* PrintMemu.h */ = {isa = PBXFileReference; lastKnownFileType = sourcecode.c.h; path = PrintMemu.h; sourceTree = "<group>"; };
		699A06FB2018585800DD4461 /* PrintMemu.m */ = {isa = PBXFileReference; lastKnownFileType = sourcecode.c.objc; path = PrintMemu.m; sourceTree = "<group>"; };
		699A06FE2018895C00DD4461 /* HQStepper.m */ = {isa = PBXFileReference; fileEncoding = 4; lastKnownFileType = sourcecode.c.objc; path = HQStepper.m; sourceTree = "<group>"; };
		699A06FF2018895C00DD4461 /* UIColor+HQStepper.h */ = {isa = PBXFileReference; fileEncoding = 4; lastKnownFileType = sourcecode.c.h; path = "UIColor+HQStepper.h"; sourceTree = "<group>"; };
		699A07002018895C00DD4461 /* HQStepperButton.h */ = {isa = PBXFileReference; fileEncoding = 4; lastKnownFileType = sourcecode.c.h; path = HQStepperButton.h; sourceTree = "<group>"; };
		699A07012018895C00DD4461 /* UIColor+HQStepper.m */ = {isa = PBXFileReference; fileEncoding = 4; lastKnownFileType = sourcecode.c.objc; path = "UIColor+HQStepper.m"; sourceTree = "<group>"; };
		699A07022018895C00DD4461 /* HQStepper.h */ = {isa = PBXFileReference; fileEncoding = 4; lastKnownFileType = sourcecode.c.h; path = HQStepper.h; sourceTree = "<group>"; };
		699A07032018895C00DD4461 /* HQStepperButton.m */ = {isa = PBXFileReference; fileEncoding = 4; lastKnownFileType = sourcecode.c.objc; path = HQStepperButton.m; sourceTree = "<group>"; };
		699A070A20194F3300DD4461 /* SelectedButton.h */ = {isa = PBXFileReference; lastKnownFileType = sourcecode.c.h; path = SelectedButton.h; sourceTree = "<group>"; };
		699A070B20194F3300DD4461 /* SelectedButton.m */ = {isa = PBXFileReference; lastKnownFileType = sourcecode.c.objc; path = SelectedButton.m; sourceTree = "<group>"; };
		69AB86B020128F460060C19F /* HomeHeaderView.h */ = {isa = PBXFileReference; lastKnownFileType = sourcecode.c.h; path = HomeHeaderView.h; sourceTree = "<group>"; };
		69AB86B120128F460060C19F /* HomeHeaderView.m */ = {isa = PBXFileReference; lastKnownFileType = sourcecode.c.objc; path = HomeHeaderView.m; sourceTree = "<group>"; };
		69AB86B3201295580060C19F /* HomeMidView.h */ = {isa = PBXFileReference; lastKnownFileType = sourcecode.c.h; path = HomeMidView.h; sourceTree = "<group>"; };
		69AB86B4201295580060C19F /* HomeMidView.m */ = {isa = PBXFileReference; lastKnownFileType = sourcecode.c.objc; path = HomeMidView.m; sourceTree = "<group>"; };
		69AB86C22012E5270060C19F /* BaseNavigationController.h */ = {isa = PBXFileReference; lastKnownFileType = sourcecode.c.h; path = BaseNavigationController.h; sourceTree = "<group>"; };
		69AB86C32012E5270060C19F /* BaseNavigationController.m */ = {isa = PBXFileReference; lastKnownFileType = sourcecode.c.objc; path = BaseNavigationController.m; sourceTree = "<group>"; };
		69AB86C52013317E0060C19F /* WalletViewController.h */ = {isa = PBXFileReference; fileEncoding = 4; lastKnownFileType = sourcecode.c.h; path = WalletViewController.h; sourceTree = "<group>"; };
		69AB86C62013317E0060C19F /* WalletViewController.m */ = {isa = PBXFileReference; fileEncoding = 4; lastKnownFileType = sourcecode.c.objc; path = WalletViewController.m; sourceTree = "<group>"; };
		69E115F5201A93E3005E56CB /* UIView+cxr.h */ = {isa = PBXFileReference; lastKnownFileType = sourcecode.c.h; path = "UIView+cxr.h"; sourceTree = "<group>"; };
		69E115F6201A93E3005E56CB /* UIView+cxr.m */ = {isa = PBXFileReference; lastKnownFileType = sourcecode.c.objc; path = "UIView+cxr.m"; sourceTree = "<group>"; };
		69E115F8201AD55C005E56CB /* QRcodeViewController.h */ = {isa = PBXFileReference; fileEncoding = 4; lastKnownFileType = sourcecode.c.h; path = QRcodeViewController.h; sourceTree = "<group>"; };
		69E115F9201AD55D005E56CB /* QRcodeViewController.m */ = {isa = PBXFileReference; fileEncoding = 4; lastKnownFileType = sourcecode.c.objc; path = QRcodeViewController.m; sourceTree = "<group>"; };
		69E115FB201AD5AF005E56CB /* CoverView.h */ = {isa = PBXFileReference; fileEncoding = 4; lastKnownFileType = sourcecode.c.h; path = CoverView.h; sourceTree = "<group>"; };
		69E115FC201AD5AF005E56CB /* CoverView.m */ = {isa = PBXFileReference; fileEncoding = 4; lastKnownFileType = sourcecode.c.objc; path = CoverView.m; sourceTree = "<group>"; };
		69E115FE201AFDDC005E56CB /* CertificationSccessViewController.h */ = {isa = PBXFileReference; lastKnownFileType = sourcecode.c.h; path = CertificationSccessViewController.h; sourceTree = "<group>"; };
		69E115FF201AFDDC005E56CB /* CertificationSccessViewController.m */ = {isa = PBXFileReference; lastKnownFileType = sourcecode.c.objc; path = CertificationSccessViewController.m; sourceTree = "<group>"; };
		69E1160A201C08EB005E56CB /* FeeStdView.h */ = {isa = PBXFileReference; lastKnownFileType = sourcecode.c.h; path = FeeStdView.h; sourceTree = "<group>"; };
		69E1160B201C08EB005E56CB /* FeeStdView.m */ = {isa = PBXFileReference; lastKnownFileType = sourcecode.c.objc; path = FeeStdView.m; sourceTree = "<group>"; };
		69E11613201C1A29005E56CB /* Feedetail.m */ = {isa = PBXFileReference; fileEncoding = 4; lastKnownFileType = sourcecode.c.objc; path = Feedetail.m; sourceTree = "<group>"; };
		69E11614201C1A29005E56CB /* Feedetail.h */ = {isa = PBXFileReference; fileEncoding = 4; lastKnownFileType = sourcecode.c.h; path = Feedetail.h; sourceTree = "<group>"; };
		69E1161A201D6A9E005E56CB /* JpDevice.h */ = {isa = PBXFileReference; fileEncoding = 4; lastKnownFileType = sourcecode.c.h; path = JpDevice.h; sourceTree = "<group>"; };
		69E1161B201D6A9E005E56CB /* JpDevice.m */ = {isa = PBXFileReference; fileEncoding = 4; lastKnownFileType = sourcecode.c.objc; path = JpDevice.m; sourceTree = "<group>"; };
		69E1161D201D6B13005E56CB /* MFPFullInfo.m */ = {isa = PBXFileReference; fileEncoding = 4; lastKnownFileType = sourcecode.c.objc; path = MFPFullInfo.m; sourceTree = "<group>"; };
		69E1161E201D6B13005E56CB /* MFPFullInfo.h */ = {isa = PBXFileReference; fileEncoding = 4; lastKnownFileType = sourcecode.c.h; path = MFPFullInfo.h; sourceTree = "<group>"; };
		69E625C4200C6F2F00A23880 /* JustPrintLab.pch */ = {isa = PBXFileReference; lastKnownFileType = sourcecode.c.h; path = JustPrintLab.pch; sourceTree = "<group>"; };
		69E625D42011B27900A23880 /* HomeTableViewController.m */ = {isa = PBXFileReference; fileEncoding = 4; lastKnownFileType = sourcecode.c.objc; path = HomeTableViewController.m; sourceTree = "<group>"; };
		69E625D52011B27900A23880 /* HomeTableViewController.h */ = {isa = PBXFileReference; fileEncoding = 4; lastKnownFileType = sourcecode.c.h; path = HomeTableViewController.h; sourceTree = "<group>"; };
		69E625D72011B2B400A23880 /* CustomButton.h */ = {isa = PBXFileReference; fileEncoding = 4; lastKnownFileType = sourcecode.c.h; path = CustomButton.h; sourceTree = "<group>"; };
		69E625D82011B2B400A23880 /* WBTabbar.h */ = {isa = PBXFileReference; fileEncoding = 4; lastKnownFileType = sourcecode.c.h; path = WBTabbar.h; sourceTree = "<group>"; };
		69E625D92011B2B400A23880 /* WBTabbar.m */ = {isa = PBXFileReference; fileEncoding = 4; lastKnownFileType = sourcecode.c.objc; path = WBTabbar.m; sourceTree = "<group>"; };
		69E625DA2011B2B400A23880 /* CustomButton.m */ = {isa = PBXFileReference; fileEncoding = 4; lastKnownFileType = sourcecode.c.objc; path = CustomButton.m; sourceTree = "<group>"; };
		69E625DD2011B75300A23880 /* MapViewController.h */ = {isa = PBXFileReference; lastKnownFileType = sourcecode.c.h; path = MapViewController.h; sourceTree = "<group>"; };
		69E625DE2011B75300A23880 /* MapViewController.m */ = {isa = PBXFileReference; lastKnownFileType = sourcecode.c.objc; path = MapViewController.m; sourceTree = "<group>"; };
		69E625E32011B77F00A23880 /* MeViewController.h */ = {isa = PBXFileReference; lastKnownFileType = sourcecode.c.h; path = MeViewController.h; sourceTree = "<group>"; };
		69E625E42011B77F00A23880 /* MeViewController.m */ = {isa = PBXFileReference; lastKnownFileType = sourcecode.c.objc; path = MeViewController.m; sourceTree = "<group>"; };
		69F03FFD20204416008E2292 /* FeeView.h */ = {isa = PBXFileReference; lastKnownFileType = sourcecode.c.h; path = FeeView.h; sourceTree = "<group>"; };
		69F03FFE20204416008E2292 /* FeeView.m */ = {isa = PBXFileReference; lastKnownFileType = sourcecode.c.objc; path = FeeView.m; sourceTree = "<group>"; };
		69F7E73020136261007CFE9E /* SetupTableViewController.h */ = {isa = PBXFileReference; lastKnownFileType = sourcecode.c.h; path = SetupTableViewController.h; sourceTree = "<group>"; };
		69F7E73120136261007CFE9E /* SetupTableViewController.m */ = {isa = PBXFileReference; lastKnownFileType = sourcecode.c.objc; path = SetupTableViewController.m; sourceTree = "<group>"; };
		69F7E733201413BC007CFE9E /* LaunchViewController.m */ = {isa = PBXFileReference; fileEncoding = 4; lastKnownFileType = sourcecode.c.objc; path = LaunchViewController.m; sourceTree = "<group>"; };
		69F7E734201413BC007CFE9E /* LaunchViewController.h */ = {isa = PBXFileReference; fileEncoding = 4; lastKnownFileType = sourcecode.c.h; path = LaunchViewController.h; sourceTree = "<group>"; };
		69F7E73720141411007CFE9E /* DrawCircleProgressButton.h */ = {isa = PBXFileReference; fileEncoding = 4; lastKnownFileType = sourcecode.c.h; path = DrawCircleProgressButton.h; sourceTree = "<group>"; };
		69F7E73820141411007CFE9E /* DrawCircleProgressButton.m */ = {isa = PBXFileReference; fileEncoding = 4; lastKnownFileType = sourcecode.c.objc; path = DrawCircleProgressButton.m; sourceTree = "<group>"; };
		69F7E73B20143B6D007CFE9E /* Account.h */ = {isa = PBXFileReference; fileEncoding = 4; lastKnownFileType = sourcecode.c.h; path = Account.h; sourceTree = "<group>"; };
		69F7E73C20143B6D007CFE9E /* Account.m */ = {isa = PBXFileReference; fileEncoding = 4; lastKnownFileType = sourcecode.c.objc; path = Account.m; sourceTree = "<group>"; };
		69F7E73E201450F3007CFE9E /* UniHttpTool.h */ = {isa = PBXFileReference; fileEncoding = 4; lastKnownFileType = sourcecode.c.h; path = UniHttpTool.h; sourceTree = "<group>"; };
		69F7E73F201450F3007CFE9E /* UniHttpTool.m */ = {isa = PBXFileReference; fileEncoding = 4; lastKnownFileType = sourcecode.c.objc; path = UniHttpTool.m; sourceTree = "<group>"; };
		69F7E7412014535A007CFE9E /* HyperlinksButton.h */ = {isa = PBXFileReference; lastKnownFileType = sourcecode.c.h; path = HyperlinksButton.h; sourceTree = "<group>"; };
		69F7E7422014535A007CFE9E /* HyperlinksButton.m */ = {isa = PBXFileReference; lastKnownFileType = sourcecode.c.objc; path = HyperlinksButton.m; sourceTree = "<group>"; };
		69F7E74420145513007CFE9E /* ProtocolViewController.m */ = {isa = PBXFileReference; fileEncoding = 4; lastKnownFileType = sourcecode.c.objc; path = ProtocolViewController.m; sourceTree = "<group>"; };
		69F7E74520145513007CFE9E /* ProtocolViewController.h */ = {isa = PBXFileReference; fileEncoding = 4; lastKnownFileType = sourcecode.c.h; path = ProtocolViewController.h; sourceTree = "<group>"; };
		69F7E74720145F76007CFE9E /* CommonFunc.h */ = {isa = PBXFileReference; fileEncoding = 4; lastKnownFileType = sourcecode.c.h; path = CommonFunc.h; sourceTree = "<group>"; };
		69F7E74820145F76007CFE9E /* CommonFunc.m */ = {isa = PBXFileReference; fileEncoding = 4; lastKnownFileType = sourcecode.c.objc; path = CommonFunc.m; sourceTree = "<group>"; };
		69F7E74D2015C1A6007CFE9E /* BaseTableViewController.h */ = {isa = PBXFileReference; lastKnownFileType = sourcecode.c.h; path = BaseTableViewController.h; sourceTree = "<group>"; };
		69F7E74E2015C1A6007CFE9E /* BaseTableViewController.m */ = {isa = PBXFileReference; lastKnownFileType = sourcecode.c.objc; path = BaseTableViewController.m; sourceTree = "<group>"; };
		69F7E7502015C30A007CFE9E /* ScanTableViewController.h */ = {isa = PBXFileReference; lastKnownFileType = sourcecode.c.h; path = ScanTableViewController.h; sourceTree = "<group>"; };
		69F7E7512015C30A007CFE9E /* ScanTableViewController.m */ = {isa = PBXFileReference; lastKnownFileType = sourcecode.c.objc; path = ScanTableViewController.m; sourceTree = "<group>"; };
		69F7E7532015C4BD007CFE9E /* PrintTableViewController.h */ = {isa = PBXFileReference; lastKnownFileType = sourcecode.c.h; path = PrintTableViewController.h; sourceTree = "<group>"; };
		69F7E7542015C4BD007CFE9E /* PrintTableViewController.m */ = {isa = PBXFileReference; lastKnownFileType = sourcecode.c.objc; path = PrintTableViewController.m; sourceTree = "<group>"; };
		DAC8E3295285F2938969636C /* Pods-JustPrintLab.release.xcconfig */ = {isa = PBXFileReference; includeInIndex = 1; lastKnownFileType = text.xcconfig; name = "Pods-JustPrintLab.release.xcconfig"; path = "Pods/Target Support Files/Pods-JustPrintLab/Pods-JustPrintLab.release.xcconfig"; sourceTree = "<group>"; };
/* End PBXFileReference section */

/* Begin PBXFrameworksBuildPhase section */
		6966A17720006440008176BA /* Frameworks */ = {
			isa = PBXFrameworksBuildPhase;
			buildActionMask = 2147483647;
			files = (
				C530EB2E8077F592168A2829 /* libPods-JustPrintLab.a in Frameworks */,
			);
			runOnlyForDeploymentPostprocessing = 0;
		};
		6966A18F20006440008176BA /* Frameworks */ = {
			isa = PBXFrameworksBuildPhase;
			buildActionMask = 2147483647;
			files = (
			);
			runOnlyForDeploymentPostprocessing = 0;
		};
		6966A19A20006440008176BA /* Frameworks */ = {
			isa = PBXFrameworksBuildPhase;
			buildActionMask = 2147483647;
			files = (
			);
			runOnlyForDeploymentPostprocessing = 0;
		};
/* End PBXFrameworksBuildPhase section */

/* Begin PBXGroup section */
		1C08426FAC97117372208803 /* Pods */ = {
			isa = PBXGroup;
			children = (
				2A8ED010C8FF066056659580 /* Pods-JustPrintLab.debug.xcconfig */,
				DAC8E3295285F2938969636C /* Pods-JustPrintLab.release.xcconfig */,
			);
			name = Pods;
			sourceTree = "<group>";
		};
		6958564220200CBB00F86273 /* UIScrollView+PullScale */ = {
			isa = PBXGroup;
			children = (
				6958563E2020090800F86273 /* CorePullScaleImageView.h */,
				6958563D2020090700F86273 /* CorePullScaleImageView.m */,
				6958563C2020090700F86273 /* UIScrollView+PullScale.h */,
				6958563F2020090800F86273 /* UIScrollView+PullScale.m */,
			);
			path = "UIScrollView+PullScale";
			sourceTree = "<group>";
		};
		6962040320173D2F00402D0C /* MBProgressHUD */ = {
			isa = PBXGroup;
			children = (
				6962040420173D2F00402D0C /* MBProgressHUD.m */,
				6962040620173D2F00402D0C /* MBProgressHUD.h */,
				6962040520173D2F00402D0C /* MBProgressHUD+MJ.h */,
				6962040720173D2F00402D0C /* MBProgressHUD+MJ.m */,
				6962040820173D2F00402D0C /* MBProgressHUD.bundle */,
			);
			path = MBProgressHUD;
			sourceTree = "<group>";
		};
		696204122017531200402D0C /* view */ = {
			isa = PBXGroup;
			children = (
				696204132017533600402D0C /* PayRecTableViewCell.h */,
				696204142017533600402D0C /* PayRecTableViewCell.m */,
			);
			path = view;
			sourceTree = "<group>";
		};
		69620416201753F300402D0C /* model */ = {
			isa = PBXGroup;
			children = (
				69620417201753FD00402D0C /* PayRec.h */,
				69620418201753FE00402D0C /* PayRec.m */,
			);
			path = model;
			sourceTree = "<group>";
		};
		6966A17120006440008176BA = {
			isa = PBXGroup;
			children = (
				6966A17C20006440008176BA /* JustPrintLab */,
				6966A19520006440008176BA /* JustPrintLabTests */,
				6966A1A020006440008176BA /* JustPrintLabUITests */,
				6966A17B20006440008176BA /* Products */,
				1C08426FAC97117372208803 /* Pods */,
				F5A7D965106A653A5A73933E /* Frameworks */,
			);
			sourceTree = "<group>";
		};
		6966A17B20006440008176BA /* Products */ = {
			isa = PBXGroup;
			children = (
				6966A17A20006440008176BA /* JustPrintLab.app */,
				6966A19220006440008176BA /* JustPrintLabTests.xctest */,
				6966A19D20006440008176BA /* JustPrintLabUITests.xctest */,
			);
			name = Products;
			sourceTree = "<group>";
		};
		6966A17C20006440008176BA /* JustPrintLab */ = {
			isa = PBXGroup;
			children = (
				69AB86C12012E4F30060C19F /* base */,
				69AB86BF2012C0A70060C19F /* leftside */,
				69AB86BD2012AAF30060C19F /* login */,
				69AB86BA2012AA9C0060C19F /* wallet */,
				69AB86B82012AA730060C19F /* me */,
				69AB86B62012AA3F0060C19F /* map */,
				6966A1B220006EA4008176BA /* lib */,
				6966A1B1200065FC008176BA /* main */,
				6966A1AF200065D0008176BA /* other */,
				6966A18620006440008176BA /* Assets.xcassets */,
				6966A18B20006440008176BA /* Info.plist */,
			);
			path = JustPrintLab;
			sourceTree = "<group>";
		};
		6966A19520006440008176BA /* JustPrintLabTests */ = {
			isa = PBXGroup;
			children = (
				6966A19620006440008176BA /* JustPrintLabTests.m */,
				6966A19820006440008176BA /* Info.plist */,
			);
			path = JustPrintLabTests;
			sourceTree = "<group>";
		};
		6966A1A020006440008176BA /* JustPrintLabUITests */ = {
			isa = PBXGroup;
			children = (
				6966A1A120006440008176BA /* JustPrintLabUITests.m */,
				6966A1A320006440008176BA /* Info.plist */,
			);
			path = JustPrintLabUITests;
			sourceTree = "<group>";
		};
		6966A1AF200065D0008176BA /* other */ = {
			isa = PBXGroup;
			children = (
				6966A17D20006440008176BA /* AppDelegate.h */,
				6966A17E20006440008176BA /* AppDelegate.m */,
				6966A18820006440008176BA /* LaunchScreen.storyboard */,
				6966A18C20006440008176BA /* main.m */,
				69E625C4200C6F2F00A23880 /* JustPrintLab.pch */,
			);
			path = other;
			sourceTree = "<group>";
		};
		6966A1B1200065FC008176BA /* main */ = {
			isa = PBXGroup;
			children = (
				69AB86BC2012AAC60060C19F /* controller */,
				69F7E73A20143B5D007CFE9E /* model */,
				69E625C5200C93C400A23880 /* view */,
			);
			path = main;
			sourceTree = "<group>";
		};
		6966A1B220006EA4008176BA /* lib */ = {
			isa = PBXGroup;
			children = (
				6958564220200CBB00F86273 /* UIScrollView+PullScale */,
				699A06FD2018895C00DD4461 /* HQStepper */,
				699A06ED2018577700DD4461 /* IFMMenu */,
				6962040320173D2F00402D0C /* MBProgressHUD */,
				69F7E73620141411007CFE9E /* WSDrawCircleProgress */,
				6966A1B320006EAD008176BA /* CWLateralSlide */,
			);
			path = lib;
			sourceTree = "<group>";
		};
		6966A1B320006EAD008176BA /* CWLateralSlide */ = {
			isa = PBXGroup;
			children = (
				6966A1B420006EAD008176BA /* CWInteractiveTransition.m */,
				6966A1B520006EAD008176BA /* CWDrawerTransition.h */,
				6966A1B620006EAD008176BA /* CWLateralSlideAnimator.h */,
				6966A1B720006EAD008176BA /* UIViewController+CWLateralSlide.m */,
				6966A1B820006EAD008176BA /* CWLateralSlideConfiguration.h */,
				6966A1B920006EAD008176BA /* CWInteractiveTransition.h */,
				6966A1BA20006EAD008176BA /* CWLateralSlideAnimator.m */,
				6966A1BB20006EAD008176BA /* CWDrawerTransition.m */,
				6966A1BC20006EAD008176BA /* UIViewController+CWLateralSlide.h */,
				6966A1BD20006EAD008176BA /* CWLateralSlideConfiguration.m */,
			);
			path = CWLateralSlide;
			sourceTree = "<group>";
		};
		699A06ED2018577700DD4461 /* IFMMenu */ = {
			isa = PBXGroup;
			children = (
				699A06F22018577700DD4461 /* IFMMenuView.h */,
				699A06EE2018577700DD4461 /* IFMMenuView.m */,
				699A06EF2018577700DD4461 /* IFMMenu.h */,
				699A06F52018577700DD4461 /* IFMMenu.m */,
				699A06F32018577700DD4461 /* IFMMenuItem.h */,
				699A06F12018577700DD4461 /* IFMMenuItem.m */,
				699A06F42018577700DD4461 /* IFMMenuContainerView.h */,
				699A06F02018577700DD4461 /* IFMMenuContainerView.m */,
			);
			path = IFMMenu;
			sourceTree = "<group>";
		};
		699A06FD2018895C00DD4461 /* HQStepper */ = {
			isa = PBXGroup;
			children = (
				699A07022018895C00DD4461 /* HQStepper.h */,
				699A06FE2018895C00DD4461 /* HQStepper.m */,
				699A06FF2018895C00DD4461 /* UIColor+HQStepper.h */,
				699A07012018895C00DD4461 /* UIColor+HQStepper.m */,
				699A07002018895C00DD4461 /* HQStepperButton.h */,
				699A07032018895C00DD4461 /* HQStepperButton.m */,
			);
			path = HQStepper;
			sourceTree = "<group>";
		};
		69AB86B62012AA3F0060C19F /* map */ = {
			isa = PBXGroup;
			children = (
				69E11620201D6B2D005E56CB /* view */,
				69E11619201D6A8E005E56CB /* model */,
				69AB86B72012AA500060C19F /* controller */,
			);
			path = map;
			sourceTree = "<group>";
		};
		69AB86B72012AA500060C19F /* controller */ = {
			isa = PBXGroup;
			children = (
				69E625DD2011B75300A23880 /* MapViewController.h */,
				69E625DE2011B75300A23880 /* MapViewController.m */,
				69585617201F043D00F86273 /* PrinterInfoViewController.h */,
				69585618201F043D00F86273 /* PrinterInfoViewController.m */,
			);
			path = controller;
			sourceTree = "<group>";
		};
		69AB86B82012AA730060C19F /* me */ = {
			isa = PBXGroup;
			children = (
				69AB86B92012AA830060C19F /* controller */,
			);
			name = me;
			sourceTree = "<group>";
		};
		69AB86B92012AA830060C19F /* controller */ = {
			isa = PBXGroup;
			children = (
				69E625E32011B77F00A23880 /* MeViewController.h */,
				69E625E42011B77F00A23880 /* MeViewController.m */,
				69F7E73020136261007CFE9E /* SetupTableViewController.h */,
				69F7E73120136261007CFE9E /* SetupTableViewController.m */,
			);
			name = controller;
			sourceTree = "<group>";
		};
		69AB86BA2012AA9C0060C19F /* wallet */ = {
			isa = PBXGroup;
			children = (
				69620416201753F300402D0C /* model */,
				696204122017531200402D0C /* view */,
				69AB86BB2012AAA70060C19F /* controller */,
			);
			path = wallet;
			sourceTree = "<group>";
		};
		69AB86BB2012AAA70060C19F /* controller */ = {
			isa = PBXGroup;
			children = (
				69AB86C52013317E0060C19F /* WalletViewController.h */,
				69AB86C62013317E0060C19F /* WalletViewController.m */,
				6962040F201752F600402D0C /* RefoundViewController.h */,
				69620410201752F700402D0C /* RefoundViewController.m */,
				6962040D201752DD00402D0C /* PayRecViewController.h */,
				6962040C201752DD00402D0C /* PayRecViewController.m */,
			);
			path = controller;
			sourceTree = "<group>";
		};
		69AB86BC2012AAC60060C19F /* controller */ = {
			isa = PBXGroup;
			children = (
				69E115F8201AD55C005E56CB /* QRcodeViewController.h */,
				69E115F9201AD55D005E56CB /* QRcodeViewController.m */,
				6966A18020006440008176BA /* ViewController.h */,
				6966A18120006440008176BA /* ViewController.m */,
				6966A1CB20008A7E008176BA /* PushViewController.h */,
				6966A1CC20008A7E008176BA /* PushViewController.m */,
				69E625D52011B27900A23880 /* HomeTableViewController.h */,
				69E625D42011B27900A23880 /* HomeTableViewController.m */,
				69F7E734201413BC007CFE9E /* LaunchViewController.h */,
				69F7E733201413BC007CFE9E /* LaunchViewController.m */,
				69F7E7502015C30A007CFE9E /* ScanTableViewController.h */,
				69F7E7512015C30A007CFE9E /* ScanTableViewController.m */,
				69F7E7532015C4BD007CFE9E /* PrintTableViewController.h */,
				69F7E7542015C4BD007CFE9E /* PrintTableViewController.m */,
				6962041B201814B100402D0C /* PrintConfigViewController.h */,
				6962041C201814B100402D0C /* PrintConfigViewController.m */,
				69E115FE201AFDDC005E56CB /* CertificationSccessViewController.h */,
				69E115FF201AFDDC005E56CB /* CertificationSccessViewController.m */,
			);
			path = controller;
			sourceTree = "<group>";
		};
		69AB86BD2012AAF30060C19F /* login */ = {
			isa = PBXGroup;
			children = (
				69AB86BE2012AAFB0060C19F /* controller */,
			);
			path = login;
			sourceTree = "<group>";
		};
		69AB86BE2012AAFB0060C19F /* controller */ = {
			isa = PBXGroup;
			children = (
				6966A1CE2001AEC2008176BA /* LoginViewController.h */,
				6966A1CF2001AEC2008176BA /* LoginViewController.m */,
				69F7E74520145513007CFE9E /* ProtocolViewController.h */,
				69F7E74420145513007CFE9E /* ProtocolViewController.m */,
			);
			path = controller;
			sourceTree = "<group>";
		};
		69AB86BF2012C0A70060C19F /* leftside */ = {
			isa = PBXGroup;
			children = (
				69AB86C02012C0E80060C19F /* controller */,
			);
			path = leftside;
			sourceTree = "<group>";
		};
		69AB86C02012C0E80060C19F /* controller */ = {
			isa = PBXGroup;
			children = (
				6966A1C62000871C008176BA /* LeftViewController.h */,
				6966A1C72000871C008176BA /* LeftViewController.m */,
			);
			path = controller;
			sourceTree = "<group>";
		};
		69AB86C12012E4F30060C19F /* base */ = {
			isa = PBXGroup;
			children = (
				69AB86C22012E5270060C19F /* BaseNavigationController.h */,
				69AB86C32012E5270060C19F /* BaseNavigationController.m */,
				69F7E74D2015C1A6007CFE9E /* BaseTableViewController.h */,
				69F7E74E2015C1A6007CFE9E /* BaseTableViewController.m */,
				69F7E74720145F76007CFE9E /* CommonFunc.h */,
				69F7E74820145F76007CFE9E /* CommonFunc.m */,
				69F7E73E201450F3007CFE9E /* UniHttpTool.h */,
				69F7E73F201450F3007CFE9E /* UniHttpTool.m */,
				69E115F5201A93E3005E56CB /* UIView+cxr.h */,
				69E115F6201A93E3005E56CB /* UIView+cxr.m */,
			);
			path = base;
			sourceTree = "<group>";
		};
		69E11619201D6A8E005E56CB /* model */ = {
			isa = PBXGroup;
			children = (
				6958560E201DB68200F86273 /* TradingHour.h */,
				6958560F201DB68300F86273 /* TradingHour.m */,
				69585608201DB45400F86273 /* CustomMAPointAnnotation.h */,
				69585609201DB45500F86273 /* CustomMAPointAnnotation.m */,
				692D4E5F201D9943006B88DF /* AnimatedAnnotation.h */,
				692D4E5E201D9943006B88DF /* AnimatedAnnotation.m */,
				69E1161E201D6B13005E56CB /* MFPFullInfo.h */,
				69E1161D201D6B13005E56CB /* MFPFullInfo.m */,
				69E1161A201D6A9E005E56CB /* JpDevice.h */,
				69E1161B201D6A9E005E56CB /* JpDevice.m */,
			);
			path = model;
			sourceTree = "<group>";
		};
		69E11620201D6B2D005E56CB /* view */ = {
			isa = PBXGroup;
			children = (
				692D4E61201D9969006B88DF /* AnimatedAnnotationView.h */,
				692D4E62201D9969006B88DF /* AnimatedAnnotationView.m */,
				6958560C201DB65000F86273 /* CustomAnnotationView.h */,
				6958560B201DB64F00F86273 /* CustomAnnotationView.m */,
				69585612201DB70100F86273 /* CustomCalloutView.h */,
				69585611201DB70100F86273 /* CustomCalloutView.m */,
				69585614201EC34F00F86273 /* PrinterInfoView.h */,
				69585615201EC34F00F86273 /* PrinterInfoView.m */,
				695856432020317B00F86273 /* WithImageLabel.h */,
				695856442020317B00F86273 /* WithImageLabel.m */,
				69F03FFD20204416008E2292 /* FeeView.h */,
				69F03FFE20204416008E2292 /* FeeView.m */,
			);
			path = view;
			sourceTree = "<group>";
		};
		69E625C5200C93C400A23880 /* view */ = {
			isa = PBXGroup;
			children = (
				69E115FB201AD5AF005E56CB /* CoverView.h */,
				69E115FC201AD5AF005E56CB /* CoverView.m */,
				699A070A20194F3300DD4461 /* SelectedButton.h */,
				699A070B20194F3300DD4461 /* SelectedButton.m */,
				696204002016D67500402D0C /* UploadButton.h */,
				696204012016D67500402D0C /* UploadButton.m */,
				696203F12015E00D00402D0C /* PrintJobCell.h */,
				696203F22015E00D00402D0C /* PrintJobCell.m */,
				696203EB2015D75000402D0C /* ScanRecCell.h */,
				696203EC2015D75100402D0C /* ScanRecCell.m */,
				69E625D72011B2B400A23880 /* CustomButton.h */,
				69E625DA2011B2B400A23880 /* CustomButton.m */,
				69E625D82011B2B400A23880 /* WBTabbar.h */,
				69E625D92011B2B400A23880 /* WBTabbar.m */,
				69AB86B020128F460060C19F /* HomeHeaderView.h */,
				69AB86B120128F460060C19F /* HomeHeaderView.m */,
				69AB86B3201295580060C19F /* HomeMidView.h */,
				69AB86B4201295580060C19F /* HomeMidView.m */,
				69F7E7412014535A007CFE9E /* HyperlinksButton.h */,
				69F7E7422014535A007CFE9E /* HyperlinksButton.m */,
				696203FD2016CA6200402D0C /* PrintUploadView.h */,
				696203FE2016CA6200402D0C /* PrintUploadView.m */,
				699A06FA2018585800DD4461 /* PrintMemu.h */,
				699A06FB2018585800DD4461 /* PrintMemu.m */,
				69E1160A201C08EB005E56CB /* FeeStdView.h */,
				69E1160B201C08EB005E56CB /* FeeStdView.m */,
			);
			path = view;
			sourceTree = "<group>";
		};
		69F7E73620141411007CFE9E /* WSDrawCircleProgress */ = {
			isa = PBXGroup;
			children = (
				69F7E73720141411007CFE9E /* DrawCircleProgressButton.h */,
				69F7E73820141411007CFE9E /* DrawCircleProgressButton.m */,
			);
			path = WSDrawCircleProgress;
			sourceTree = "<group>";
		};
		69F7E73A20143B5D007CFE9E /* model */ = {
			isa = PBXGroup;
			children = (
				696203F42015E20500402D0C /* PrintDetail.h */,
				696203F52015E20600402D0C /* PrintDetail.m */,
				696203E92015D74900402D0C /* ScanRec.h */,
				696203E82015D74900402D0C /* ScanRec.m */,
				69F7E73B20143B6D007CFE9E /* Account.h */,
				69F7E73C20143B6D007CFE9E /* Account.m */,
				696203EF2015E00500402D0C /* PrintJob.h */,
				696203EE2015E00500402D0C /* PrintJob.m */,
				69E11614201C1A29005E56CB /* Feedetail.h */,
				69E11613201C1A29005E56CB /* Feedetail.m */,
			);
			path = model;
			sourceTree = "<group>";
		};
		F5A7D965106A653A5A73933E /* Frameworks */ = {
			isa = PBXGroup;
			children = (
				0221512E296E3850139E1147 /* libPods-JustPrintLab.a */,
			);
			name = Frameworks;
			sourceTree = "<group>";
		};
/* End PBXGroup section */

/* Begin PBXNativeTarget section */
		6966A17920006440008176BA /* JustPrintLab */ = {
			isa = PBXNativeTarget;
			buildConfigurationList = 6966A1A620006440008176BA /* Build configuration list for PBXNativeTarget "JustPrintLab" */;
			buildPhases = (
				1B7AC4D1A725F94930DF3ED6 /* [CP] Check Pods Manifest.lock */,
				6966A17620006440008176BA /* Sources */,
				6966A17720006440008176BA /* Frameworks */,
				6966A17820006440008176BA /* Resources */,
				0A746754E41DE80CD8B5D603 /* [CP] Embed Pods Frameworks */,
				1017A4040DA802B608A15EE1 /* [CP] Copy Pods Resources */,
			);
			buildRules = (
			);
			dependencies = (
			);
			name = JustPrintLab;
			productName = JustPrintLab;
			productReference = 6966A17A20006440008176BA /* JustPrintLab.app */;
			productType = "com.apple.product-type.application";
		};
		6966A19120006440008176BA /* JustPrintLabTests */ = {
			isa = PBXNativeTarget;
			buildConfigurationList = 6966A1A920006440008176BA /* Build configuration list for PBXNativeTarget "JustPrintLabTests" */;
			buildPhases = (
				6966A18E20006440008176BA /* Sources */,
				6966A18F20006440008176BA /* Frameworks */,
				6966A19020006440008176BA /* Resources */,
			);
			buildRules = (
			);
			dependencies = (
				6966A19420006440008176BA /* PBXTargetDependency */,
			);
			name = JustPrintLabTests;
			productName = JustPrintLabTests;
			productReference = 6966A19220006440008176BA /* JustPrintLabTests.xctest */;
			productType = "com.apple.product-type.bundle.unit-test";
		};
		6966A19C20006440008176BA /* JustPrintLabUITests */ = {
			isa = PBXNativeTarget;
			buildConfigurationList = 6966A1AC20006440008176BA /* Build configuration list for PBXNativeTarget "JustPrintLabUITests" */;
			buildPhases = (
				6966A19920006440008176BA /* Sources */,
				6966A19A20006440008176BA /* Frameworks */,
				6966A19B20006440008176BA /* Resources */,
			);
			buildRules = (
			);
			dependencies = (
				6966A19F20006440008176BA /* PBXTargetDependency */,
			);
			name = JustPrintLabUITests;
			productName = JustPrintLabUITests;
			productReference = 6966A19D20006440008176BA /* JustPrintLabUITests.xctest */;
			productType = "com.apple.product-type.bundle.ui-testing";
		};
/* End PBXNativeTarget section */

/* Begin PBXProject section */
		6966A17220006440008176BA /* Project object */ = {
			isa = PBXProject;
			attributes = {
				LastUpgradeCheck = 0920;
				ORGANIZATIONNAME = justprint;
				TargetAttributes = {
					6966A17920006440008176BA = {
						CreatedOnToolsVersion = 9.2;
						ProvisioningStyle = Automatic;
					};
					6966A19120006440008176BA = {
						CreatedOnToolsVersion = 9.2;
						ProvisioningStyle = Automatic;
						TestTargetID = 6966A17920006440008176BA;
					};
					6966A19C20006440008176BA = {
						CreatedOnToolsVersion = 9.2;
						ProvisioningStyle = Automatic;
						TestTargetID = 6966A17920006440008176BA;
					};
				};
			};
			buildConfigurationList = 6966A17520006440008176BA /* Build configuration list for PBXProject "JustPrintLab" */;
			compatibilityVersion = "Xcode 8.0";
			developmentRegion = en;
			hasScannedForEncodings = 0;
			knownRegions = (
				en,
				Base,
			);
			mainGroup = 6966A17120006440008176BA;
			productRefGroup = 6966A17B20006440008176BA /* Products */;
			projectDirPath = "";
			projectRoot = "";
			targets = (
				6966A17920006440008176BA /* JustPrintLab */,
				6966A19120006440008176BA /* JustPrintLabTests */,
				6966A19C20006440008176BA /* JustPrintLabUITests */,
			);
		};
/* End PBXProject section */

/* Begin PBXResourcesBuildPhase section */
		6966A17820006440008176BA /* Resources */ = {
			isa = PBXResourcesBuildPhase;
			buildActionMask = 2147483647;
			files = (
				6966A18A20006440008176BA /* LaunchScreen.storyboard in Resources */,
				6966A18720006440008176BA /* Assets.xcassets in Resources */,
				6962040B20173D2F00402D0C /* MBProgressHUD.bundle in Resources */,
			);
			runOnlyForDeploymentPostprocessing = 0;
		};
		6966A19020006440008176BA /* Resources */ = {
			isa = PBXResourcesBuildPhase;
			buildActionMask = 2147483647;
			files = (
			);
			runOnlyForDeploymentPostprocessing = 0;
		};
		6966A19B20006440008176BA /* Resources */ = {
			isa = PBXResourcesBuildPhase;
			buildActionMask = 2147483647;
			files = (
			);
			runOnlyForDeploymentPostprocessing = 0;
		};
/* End PBXResourcesBuildPhase section */

/* Begin PBXShellScriptBuildPhase section */
		0A746754E41DE80CD8B5D603 /* [CP] Embed Pods Frameworks */ = {
			isa = PBXShellScriptBuildPhase;
			buildActionMask = 2147483647;
			files = (
			);
			inputPaths = (
			);
			name = "[CP] Embed Pods Frameworks";
			outputPaths = (
			);
			runOnlyForDeploymentPostprocessing = 0;
			shellPath = /bin/sh;
			shellScript = "\"${SRCROOT}/Pods/Target Support Files/Pods-JustPrintLab/Pods-JustPrintLab-frameworks.sh\"\n";
			showEnvVarsInLog = 0;
		};
		1017A4040DA802B608A15EE1 /* [CP] Copy Pods Resources */ = {
			isa = PBXShellScriptBuildPhase;
			buildActionMask = 2147483647;
			files = (
			);
			inputPaths = (
				"${SRCROOT}/Pods/Target Support Files/Pods-JustPrintLab/Pods-JustPrintLab-resources.sh",
				"${PODS_ROOT}/AMap2DMap/MAMapKit.framework/AMap.bundle",
				"${PODS_ROOT}/MJRefresh/MJRefresh/MJRefresh.bundle",
				"${PODS_ROOT}/TZImagePickerController/TZImagePickerController/TZImagePickerController/TZImagePickerController.bundle",
			);
			name = "[CP] Copy Pods Resources";
			outputPaths = (
				"${TARGET_BUILD_DIR}/${UNLOCALIZED_RESOURCES_FOLDER_PATH}",
			);
			runOnlyForDeploymentPostprocessing = 0;
			shellPath = /bin/sh;
			shellScript = "\"${SRCROOT}/Pods/Target Support Files/Pods-JustPrintLab/Pods-JustPrintLab-resources.sh\"\n";
			showEnvVarsInLog = 0;
		};
		1B7AC4D1A725F94930DF3ED6 /* [CP] Check Pods Manifest.lock */ = {
			isa = PBXShellScriptBuildPhase;
			buildActionMask = 2147483647;
			files = (
			);
			inputPaths = (
				"${PODS_PODFILE_DIR_PATH}/Podfile.lock",
				"${PODS_ROOT}/Manifest.lock",
			);
			name = "[CP] Check Pods Manifest.lock";
			outputPaths = (
				"$(DERIVED_FILE_DIR)/Pods-JustPrintLab-checkManifestLockResult.txt",
			);
			runOnlyForDeploymentPostprocessing = 0;
			shellPath = /bin/sh;
			shellScript = "diff \"${PODS_PODFILE_DIR_PATH}/Podfile.lock\" \"${PODS_ROOT}/Manifest.lock\" > /dev/null\nif [ $? != 0 ] ; then\n    # print error to STDERR\n    echo \"error: The sandbox is not in sync with the Podfile.lock. Run 'pod install' or update your CocoaPods installation.\" >&2\n    exit 1\nfi\n# This output is used by Xcode 'outputs' to avoid re-running this script phase.\necho \"SUCCESS\" > \"${SCRIPT_OUTPUT_FILE_0}\"\n";
			showEnvVarsInLog = 0;
		};
/* End PBXShellScriptBuildPhase section */

/* Begin PBXSourcesBuildPhase section */
		6966A17620006440008176BA /* Sources */ = {
			isa = PBXSourcesBuildPhase;
			buildActionMask = 2147483647;
			files = (
				69F7E73220136261007CFE9E /* SetupTableViewController.m in Sources */,
				69AB86C72013317E0060C19F /* WalletViewController.m in Sources */,
				6966A1C220006EAD008176BA /* CWLateralSlideConfiguration.m in Sources */,
				69E1160C201C08EB005E56CB /* FeeStdView.m in Sources */,
				695856452020317B00F86273 /* WithImageLabel.m in Sources */,
				696203F02015E00600402D0C /* PrintJob.m in Sources */,
				69E11615201C1A2A005E56CB /* Feedetail.m in Sources */,
				699A06F62018577700DD4461 /* IFMMenuView.m in Sources */,
				69E115F7201A93E3005E56CB /* UIView+cxr.m in Sources */,
				69585613201DB70200F86273 /* CustomCalloutView.m in Sources */,
				696203EA2015D74900402D0C /* ScanRec.m in Sources */,
				69E1161F201D6B13005E56CB /* MFPFullInfo.m in Sources */,
				699A07052018895D00DD4461 /* UIColor+HQStepper.m in Sources */,
				6966A1C82000871C008176BA /* LeftViewController.m in Sources */,
				692D4E63201D9969006B88DF /* AnimatedAnnotationView.m in Sources */,
				69F7E74F2015C1A6007CFE9E /* BaseTableViewController.m in Sources */,
				699A06F82018577700DD4461 /* IFMMenuItem.m in Sources */,
				6962040920173D2F00402D0C /* MBProgressHUD.m in Sources */,
				6962040A20173D2F00402D0C /* MBProgressHUD+MJ.m in Sources */,
				6966A18220006440008176BA /* ViewController.m in Sources */,
				69F7E7522015C30A007CFE9E /* ScanTableViewController.m in Sources */,
				6962040E201752DD00402D0C /* PayRecViewController.m in Sources */,
				6966A18D20006440008176BA /* main.m in Sources */,
				69F7E7432014535A007CFE9E /* HyperlinksButton.m in Sources */,
				69AB86C42012E5270060C19F /* BaseNavigationController.m in Sources */,
				6962041D201814B100402D0C /* PrintConfigViewController.m in Sources */,
				69E625D62011B27900A23880 /* HomeTableViewController.m in Sources */,
				69F7E74620145513007CFE9E /* ProtocolViewController.m in Sources */,
				6966A17F20006440008176BA /* AppDelegate.m in Sources */,
				69585616201EC34F00F86273 /* PrinterInfoView.m in Sources */,
				696204152017533600402D0C /* PayRecTableViewCell.m in Sources */,
				69F7E73D20143B6D007CFE9E /* Account.m in Sources */,
				6958560A201DB45500F86273 /* CustomMAPointAnnotation.m in Sources */,
				6958560D201DB65000F86273 /* CustomAnnotationView.m in Sources */,
				6966A1BE20006EAD008176BA /* CWInteractiveTransition.m in Sources */,
				6966A1CD20008A7E008176BA /* PushViewController.m in Sources */,
				69E11600201AFDDC005E56CB /* CertificationSccessViewController.m in Sources */,
				699A06FC2018585800DD4461 /* PrintMemu.m in Sources */,
				699A06F72018577700DD4461 /* IFMMenuContainerView.m in Sources */,
				696203FF2016CA6200402D0C /* PrintUploadView.m in Sources */,
				6966A1C120006EAD008176BA /* CWDrawerTransition.m in Sources */,
				69F03FFF20204416008E2292 /* FeeView.m in Sources */,
				6966A1C020006EAD008176BA /* CWLateralSlideAnimator.m in Sources */,
				696204022016D67600402D0C /* UploadButton.m in Sources */,
				695856402020090800F86273 /* CorePullScaleImageView.m in Sources */,
				69585610201DB68300F86273 /* TradingHour.m in Sources */,
				69E625DC2011B2B400A23880 /* CustomButton.m in Sources */,
				6966A1D02001AEC2008176BA /* LoginViewController.m in Sources */,
				699A07062018895D00DD4461 /* HQStepperButton.m in Sources */,
				69E625DF2011B75300A23880 /* MapViewController.m in Sources */,
				69620411201752F700402D0C /* RefoundViewController.m in Sources */,
				69E115FA201AD55D005E56CB /* QRcodeViewController.m in Sources */,
				69F7E73920141411007CFE9E /* DrawCircleProgressButton.m in Sources */,
				695856412020090800F86273 /* UIScrollView+PullScale.m in Sources */,
				69F7E74920145F76007CFE9E /* CommonFunc.m in Sources */,
				69E1161C201D6A9F005E56CB /* JpDevice.m in Sources */,
				69AB86B5201295580060C19F /* HomeMidView.m in Sources */,
				696203ED2015D75100402D0C /* ScanRecCell.m in Sources */,
				69AB86B220128F460060C19F /* HomeHeaderView.m in Sources */,
				699A070C20194F3300DD4461 /* SelectedButton.m in Sources */,
				6966A1BF20006EAD008176BA /* UIViewController+CWLateralSlide.m in Sources */,
				69F7E7552015C4BD007CFE9E /* PrintTableViewController.m in Sources */,
				69E625DB2011B2B400A23880 /* WBTabbar.m in Sources */,
				69585619201F043D00F86273 /* PrinterInfoViewController.m in Sources */,
				69E625E52011B77F00A23880 /* MeViewController.m in Sources */,
				69620419201753FE00402D0C /* PayRec.m in Sources */,
				696203F62015E20600402D0C /* PrintDetail.m in Sources */,
				692D4E60201D9943006B88DF /* AnimatedAnnotation.m in Sources */,
				696203F32015E00E00402D0C /* PrintJobCell.m in Sources */,
				69F7E735201413BD007CFE9E /* LaunchViewController.m in Sources */,
				699A06F92018577700DD4461 /* IFMMenu.m in Sources */,
				699A07042018895D00DD4461 /* HQStepper.m in Sources */,
				69E115FD201AD5B0005E56CB /* CoverView.m in Sources */,
				69F7E740201450F3007CFE9E /* UniHttpTool.m in Sources */,
			);
			runOnlyForDeploymentPostprocessing = 0;
		};
		6966A18E20006440008176BA /* Sources */ = {
			isa = PBXSourcesBuildPhase;
			buildActionMask = 2147483647;
			files = (
				6966A19720006440008176BA /* JustPrintLabTests.m in Sources */,
			);
			runOnlyForDeploymentPostprocessing = 0;
		};
		6966A19920006440008176BA /* Sources */ = {
			isa = PBXSourcesBuildPhase;
			buildActionMask = 2147483647;
			files = (
				6966A1A220006440008176BA /* JustPrintLabUITests.m in Sources */,
			);
			runOnlyForDeploymentPostprocessing = 0;
		};
/* End PBXSourcesBuildPhase section */

/* Begin PBXTargetDependency section */
		6966A19420006440008176BA /* PBXTargetDependency */ = {
			isa = PBXTargetDependency;
			target = 6966A17920006440008176BA /* JustPrintLab */;
			targetProxy = 6966A19320006440008176BA /* PBXContainerItemProxy */;
		};
		6966A19F20006440008176BA /* PBXTargetDependency */ = {
			isa = PBXTargetDependency;
			target = 6966A17920006440008176BA /* JustPrintLab */;
			targetProxy = 6966A19E20006440008176BA /* PBXContainerItemProxy */;
		};
/* End PBXTargetDependency section */

/* Begin PBXVariantGroup section */
		6966A18820006440008176BA /* LaunchScreen.storyboard */ = {
			isa = PBXVariantGroup;
			children = (
				6966A18920006440008176BA /* Base */,
				6962041A20176A8900402D0C /* zh-Hans */,
			);
			name = LaunchScreen.storyboard;
			sourceTree = "<group>";
		};
/* End PBXVariantGroup section */

/* Begin XCBuildConfiguration section */
		6966A1A420006440008176BA /* Debug */ = {
			isa = XCBuildConfiguration;
			buildSettings = {
				ALWAYS_SEARCH_USER_PATHS = NO;
				CLANG_ANALYZER_LOCALIZABILITY_NONLOCALIZED = YES;
				CLANG_ANALYZER_NONNULL = YES;
				CLANG_ANALYZER_NUMBER_OBJECT_CONVERSION = YES_AGGRESSIVE;
				CLANG_CXX_LANGUAGE_STANDARD = "gnu++14";
				CLANG_CXX_LIBRARY = "libc++";
				CLANG_ENABLE_MODULES = YES;
				CLANG_ENABLE_OBJC_ARC = YES;
				CLANG_WARN_BLOCK_CAPTURE_AUTORELEASING = YES;
				CLANG_WARN_BOOL_CONVERSION = YES;
				CLANG_WARN_COMMA = YES;
				CLANG_WARN_CONSTANT_CONVERSION = YES;
				CLANG_WARN_DIRECT_OBJC_ISA_USAGE = YES_ERROR;
				CLANG_WARN_DOCUMENTATION_COMMENTS = YES;
				CLANG_WARN_EMPTY_BODY = YES;
				CLANG_WARN_ENUM_CONVERSION = YES;
				CLANG_WARN_INFINITE_RECURSION = YES;
				CLANG_WARN_INT_CONVERSION = YES;
				CLANG_WARN_NON_LITERAL_NULL_CONVERSION = YES;
				CLANG_WARN_OBJC_LITERAL_CONVERSION = YES;
				CLANG_WARN_OBJC_ROOT_CLASS = YES_ERROR;
				CLANG_WARN_RANGE_LOOP_ANALYSIS = YES;
				CLANG_WARN_STRICT_PROTOTYPES = YES;
				CLANG_WARN_SUSPICIOUS_MOVE = YES;
				CLANG_WARN_UNGUARDED_AVAILABILITY = YES_AGGRESSIVE;
				CLANG_WARN_UNREACHABLE_CODE = YES;
				CLANG_WARN__DUPLICATE_METHOD_MATCH = YES;
				CODE_SIGN_IDENTITY = "iPhone Developer";
				COPY_PHASE_STRIP = NO;
				DEBUG_INFORMATION_FORMAT = dwarf;
				ENABLE_STRICT_OBJC_MSGSEND = YES;
				ENABLE_TESTABILITY = YES;
				GCC_C_LANGUAGE_STANDARD = gnu11;
				GCC_DYNAMIC_NO_PIC = NO;
				GCC_NO_COMMON_BLOCKS = YES;
				GCC_OPTIMIZATION_LEVEL = 0;
				GCC_PREPROCESSOR_DEFINITIONS = (
					"DEBUG=1",
					"$(inherited)",
				);
				GCC_WARN_64_TO_32_BIT_CONVERSION = YES;
				GCC_WARN_ABOUT_RETURN_TYPE = YES_ERROR;
				GCC_WARN_UNDECLARED_SELECTOR = YES;
				GCC_WARN_UNINITIALIZED_AUTOS = YES_AGGRESSIVE;
				GCC_WARN_UNUSED_FUNCTION = YES;
				GCC_WARN_UNUSED_VARIABLE = YES;
				IPHONEOS_DEPLOYMENT_TARGET = 11.2;
				MTL_ENABLE_DEBUG_INFO = YES;
				ONLY_ACTIVE_ARCH = YES;
				SDKROOT = iphoneos;
			};
			name = Debug;
		};
		6966A1A520006440008176BA /* Release */ = {
			isa = XCBuildConfiguration;
			buildSettings = {
				ALWAYS_SEARCH_USER_PATHS = NO;
				CLANG_ANALYZER_LOCALIZABILITY_NONLOCALIZED = YES;
				CLANG_ANALYZER_NONNULL = YES;
				CLANG_ANALYZER_NUMBER_OBJECT_CONVERSION = YES_AGGRESSIVE;
				CLANG_CXX_LANGUAGE_STANDARD = "gnu++14";
				CLANG_CXX_LIBRARY = "libc++";
				CLANG_ENABLE_MODULES = YES;
				CLANG_ENABLE_OBJC_ARC = YES;
				CLANG_WARN_BLOCK_CAPTURE_AUTORELEASING = YES;
				CLANG_WARN_BOOL_CONVERSION = YES;
				CLANG_WARN_COMMA = YES;
				CLANG_WARN_CONSTANT_CONVERSION = YES;
				CLANG_WARN_DIRECT_OBJC_ISA_USAGE = YES_ERROR;
				CLANG_WARN_DOCUMENTATION_COMMENTS = YES;
				CLANG_WARN_EMPTY_BODY = YES;
				CLANG_WARN_ENUM_CONVERSION = YES;
				CLANG_WARN_INFINITE_RECURSION = YES;
				CLANG_WARN_INT_CONVERSION = YES;
				CLANG_WARN_NON_LITERAL_NULL_CONVERSION = YES;
				CLANG_WARN_OBJC_LITERAL_CONVERSION = YES;
				CLANG_WARN_OBJC_ROOT_CLASS = YES_ERROR;
				CLANG_WARN_RANGE_LOOP_ANALYSIS = YES;
				CLANG_WARN_STRICT_PROTOTYPES = YES;
				CLANG_WARN_SUSPICIOUS_MOVE = YES;
				CLANG_WARN_UNGUARDED_AVAILABILITY = YES_AGGRESSIVE;
				CLANG_WARN_UNREACHABLE_CODE = YES;
				CLANG_WARN__DUPLICATE_METHOD_MATCH = YES;
				CODE_SIGN_IDENTITY = "iPhone Developer";
				COPY_PHASE_STRIP = NO;
				DEBUG_INFORMATION_FORMAT = "dwarf-with-dsym";
				ENABLE_NS_ASSERTIONS = NO;
				ENABLE_STRICT_OBJC_MSGSEND = YES;
				GCC_C_LANGUAGE_STANDARD = gnu11;
				GCC_NO_COMMON_BLOCKS = YES;
				GCC_WARN_64_TO_32_BIT_CONVERSION = YES;
				GCC_WARN_ABOUT_RETURN_TYPE = YES_ERROR;
				GCC_WARN_UNDECLARED_SELECTOR = YES;
				GCC_WARN_UNINITIALIZED_AUTOS = YES_AGGRESSIVE;
				GCC_WARN_UNUSED_FUNCTION = YES;
				GCC_WARN_UNUSED_VARIABLE = YES;
				IPHONEOS_DEPLOYMENT_TARGET = 11.2;
				MTL_ENABLE_DEBUG_INFO = NO;
				SDKROOT = iphoneos;
				VALIDATE_PRODUCT = YES;
			};
			name = Release;
		};
		6966A1A720006440008176BA /* Debug */ = {
			isa = XCBuildConfiguration;
			baseConfigurationReference = 2A8ED010C8FF066056659580 /* Pods-JustPrintLab.debug.xcconfig */;
			buildSettings = {
				ASSETCATALOG_COMPILER_APPICON_NAME = AppIcon;
				CODE_SIGN_STYLE = Automatic;
				DEVELOPMENT_TEAM = Z657UM2C6Z;
				GCC_PRECOMPILE_PREFIX_HEADER = YES;
				GCC_PREFIX_HEADER = "$(SRCROOT)/JustPrintLab/other/JustPrintLab.pch";
				INFOPLIST_FILE = JustPrintLab/Info.plist;
				IPHONEOS_DEPLOYMENT_TARGET = 9.0;
				LD_RUNPATH_SEARCH_PATHS = "$(inherited) @executable_path/Frameworks";
				PRODUCT_BUNDLE_IDENTIFIER = cn.com.justprint.JustprintLab;
				PRODUCT_NAME = "$(TARGET_NAME)";
				TARGETED_DEVICE_FAMILY = "1,2";
			};
			name = Debug;
		};
		6966A1A820006440008176BA /* Release */ = {
			isa = XCBuildConfiguration;
			baseConfigurationReference = DAC8E3295285F2938969636C /* Pods-JustPrintLab.release.xcconfig */;
			buildSettings = {
				ASSETCATALOG_COMPILER_APPICON_NAME = AppIcon;
				CODE_SIGN_STYLE = Automatic;
				DEVELOPMENT_TEAM = Z657UM2C6Z;
				GCC_PRECOMPILE_PREFIX_HEADER = YES;
				GCC_PREFIX_HEADER = "$(SRCROOT)/JustPrintLab/other/JustPrintLab.pch";
				INFOPLIST_FILE = JustPrintLab/Info.plist;
				IPHONEOS_DEPLOYMENT_TARGET = 9.0;
				LD_RUNPATH_SEARCH_PATHS = "$(inherited) @executable_path/Frameworks";
				PRODUCT_BUNDLE_IDENTIFIER = cn.com.justprint.JustprintLab;
				PRODUCT_NAME = "$(TARGET_NAME)";
				TARGETED_DEVICE_FAMILY = "1,2";
			};
			name = Release;
		};
		6966A1AA20006440008176BA /* Debug */ = {
			isa = XCBuildConfiguration;
			buildSettings = {
				BUNDLE_LOADER = "$(TEST_HOST)";
				CODE_SIGN_STYLE = Automatic;
				DEVELOPMENT_TEAM = Z657UM2C6Z;
				INFOPLIST_FILE = JustPrintLabTests/Info.plist;
				LD_RUNPATH_SEARCH_PATHS = "$(inherited) @executable_path/Frameworks @loader_path/Frameworks";
				PRODUCT_BUNDLE_IDENTIFIER = net.justprint.JustPrintLabTests;
				PRODUCT_NAME = "$(TARGET_NAME)";
				TARGETED_DEVICE_FAMILY = "1,2";
				TEST_HOST = "$(BUILT_PRODUCTS_DIR)/JustPrintLab.app/JustPrintLab";
			};
			name = Debug;
		};
		6966A1AB20006440008176BA /* Release */ = {
			isa = XCBuildConfiguration;
			buildSettings = {
				BUNDLE_LOADER = "$(TEST_HOST)";
				CODE_SIGN_STYLE = Automatic;
				DEVELOPMENT_TEAM = Z657UM2C6Z;
				INFOPLIST_FILE = JustPrintLabTests/Info.plist;
				LD_RUNPATH_SEARCH_PATHS = "$(inherited) @executable_path/Frameworks @loader_path/Frameworks";
				PRODUCT_BUNDLE_IDENTIFIER = net.justprint.JustPrintLabTests;
				PRODUCT_NAME = "$(TARGET_NAME)";
				TARGETED_DEVICE_FAMILY = "1,2";
				TEST_HOST = "$(BUILT_PRODUCTS_DIR)/JustPrintLab.app/JustPrintLab";
			};
			name = Release;
		};
		6966A1AD20006440008176BA /* Debug */ = {
			isa = XCBuildConfiguration;
			buildSettings = {
				CODE_SIGN_STYLE = Automatic;
				DEVELOPMENT_TEAM = Z657UM2C6Z;
				INFOPLIST_FILE = JustPrintLabUITests/Info.plist;
				LD_RUNPATH_SEARCH_PATHS = "$(inherited) @executable_path/Frameworks @loader_path/Frameworks";
				PRODUCT_BUNDLE_IDENTIFIER = net.justprint.JustPrintLabUITests;
				PRODUCT_NAME = "$(TARGET_NAME)";
				TARGETED_DEVICE_FAMILY = "1,2";
				TEST_TARGET_NAME = JustPrintLab;
			};
			name = Debug;
		};
		6966A1AE20006440008176BA /* Release */ = {
			isa = XCBuildConfiguration;
			buildSettings = {
				CODE_SIGN_STYLE = Automatic;
				DEVELOPMENT_TEAM = Z657UM2C6Z;
				INFOPLIST_FILE = JustPrintLabUITests/Info.plist;
				LD_RUNPATH_SEARCH_PATHS = "$(inherited) @executable_path/Frameworks @loader_path/Frameworks";
				PRODUCT_BUNDLE_IDENTIFIER = net.justprint.JustPrintLabUITests;
				PRODUCT_NAME = "$(TARGET_NAME)";
				TARGETED_DEVICE_FAMILY = "1,2";
				TEST_TARGET_NAME = JustPrintLab;
			};
			name = Release;
		};
/* End XCBuildConfiguration section */

/* Begin XCConfigurationList section */
		6966A17520006440008176BA /* Build configuration list for PBXProject "JustPrintLab" */ = {
			isa = XCConfigurationList;
			buildConfigurations = (
				6966A1A420006440008176BA /* Debug */,
				6966A1A520006440008176BA /* Release */,
			);
			defaultConfigurationIsVisible = 0;
			defaultConfigurationName = Release;
		};
		6966A1A620006440008176BA /* Build configuration list for PBXNativeTarget "JustPrintLab" */ = {
			isa = XCConfigurationList;
			buildConfigurations = (
				6966A1A720006440008176BA /* Debug */,
				6966A1A820006440008176BA /* Release */,
			);
			defaultConfigurationIsVisible = 0;
			defaultConfigurationName = Release;
		};
		6966A1A920006440008176BA /* Build configuration list for PBXNativeTarget "JustPrintLabTests" */ = {
			isa = XCConfigurationList;
			buildConfigurations = (
				6966A1AA20006440008176BA /* Debug */,
				6966A1AB20006440008176BA /* Release */,
			);
			defaultConfigurationIsVisible = 0;
			defaultConfigurationName = Release;
		};
		6966A1AC20006440008176BA /* Build configuration list for PBXNativeTarget "JustPrintLabUITests" */ = {
			isa = XCConfigurationList;
			buildConfigurations = (
				6966A1AD20006440008176BA /* Debug */,
				6966A1AE20006440008176BA /* Release */,
			);
			defaultConfigurationIsVisible = 0;
			defaultConfigurationName = Release;
		};
/* End XCConfigurationList section */
	};
	rootObject = 6966A17220006440008176BA /* Project object */;
}
